PODS:
  - Bugly (2.4.6)
  - DateTools (1.7.0)
  - IQKeyboardManager (4.0.7)
  - KMNavigationBarTransition (0.0.10)
  - UICountingLabel (1.4.0)

DEPENDENCIES:
  - Bugly (~> 2.4.6)
  - DateTools
  - IQKeyboardManager
  - KMNavigationBarTransition
  - UICountingLabel

SPEC CHECKSUMS:
  Bugly: 7756e72c59387b0d490f46e83ab458ae94ee7fba
  DateTools: 53288ee8b905fdc75897a1e6b5cc0144b14cba60
  IQKeyboardManager: 69002bb4fea60596b710e57d426abc00e5063630
  KMNavigationBarTransition: 7a519f915cfe6fe09764b2061ea01043b445f7d2
  UICountingLabel: ed5ce5b6d5ef278ff40d99cfa49577a30ab0c87b

PODFILE CHECKSUM: 6ab6c3fe2020df7b6d81de392137f5483146c7aa

COCOAPODS: 1.2.0
