PODS:
  - Bugly (2.4.8)
  - DateTools (2.0.0)
  - IQKeyboardManager (4.0.9)
  - KMNavigationBarTransition (1.0.0)
  - UICountingLabel (1.4.0)

DEPENDENCIES:
  - Bugly (~> 2.4.6)
  - DateTools (~> 2.0.0)
  - IQKeyboardManager (~> 4.0.8)
  - KMNavigationBarTransition (~> 1.0.0)
  - UICountingLabel (~> 1.4.0)

SPEC CHECKSUMS:
  Bugly: da3c02408c14838d498429320545a8e439392978
  DateTools: 933ac9c490f21f92127cf690ccd8c397e0126caf
  IQKeyboardManager: 322c7405df3eb5f7e50dede32ea937bf3d4364e0
  KMNavigationBarTransition: b3fb8337f7a1e4542add07fd6c45fb9980794d59
  UICountingLabel: ed5ce5b6d5ef278ff40d99cfa49577a30ab0c87b

PODFILE CHECKSUM: 03123a9695777154d3385cb37da7119b4f43ab2c

COCOAPODS: 1.2.1
