PODS:
  - Bugly (2.4.6)
  - DateTools (2.0.0)
  - IQKeyboardManager (4.0.8)
  - KMNavigationBarTransition (1.0.0)
  - UICountingLabel (1.4.0)

DEPENDENCIES:
  - Bugly (~> 2.4.6)
  - DateTools (~> 2.0.0)
  - IQKeyboardManager (~> 4.0.8)
  - KMNavigationBarTransition (~> 1.0.0)
  - UICountingLabel (~> 1.4.0)

SPEC CHECKSUMS:
  Bugly: 7756e72c59387b0d490f46e83ab458ae94ee7fba
  DateTools: 933ac9c490f21f92127cf690ccd8c397e0126caf
  IQKeyboardManager: 1a8189fa153bf09044355ee0ad36826f6767e7f7
  KMNavigationBarTransition: b3fb8337f7a1e4542add07fd6c45fb9980794d59
  UICountingLabel: ed5ce5b6d5ef278ff40d99cfa49577a30ab0c87b

PODFILE CHECKSUM: 24496752923099988d87f1f784fab13a16d01f4a

COCOAPODS: 1.2.1
