// !$*UTF8*$!
{
	archiveVersion = 1;
	classes = {
	};
	objectVersion = 46;
	objects = {

/* Begin PBXBuildFile section */
		7CDB997D1525E441934F76FD /* Pods_OzneriFamily.framework in Frameworks */ = {isa = PBXBuildFile; fileRef = 3FF38EB9A5D6D0B8FCEAAC12 /* Pods_OzneriFamily.framework */; };
		8D1EF3881D93DE050009D034 /* AppDelegate.swift in Sources */ = {isa = PBXBuildFile; fileRef = 8D1EF3871D93DE050009D034 /* AppDelegate.swift */; };
		8D1EF39F1D93DE050009D034 /* OzneriFamilyTests.swift in Sources */ = {isa = PBXBuildFile; fileRef = 8D1EF39E1D93DE050009D034 /* OzneriFamilyTests.swift */; };
		8D1EF3AA1D93DE050009D034 /* OzneriFamilyUITests.swift in Sources */ = {isa = PBXBuildFile; fileRef = 8D1EF3A91D93DE050009D034 /* OzneriFamilyUITests.swift */; };
		8D1EF3C51D93F01F0009D034 /* MainTabBarController.swift in Sources */ = {isa = PBXBuildFile; fileRef = 8D1EF3C41D93F01F0009D034 /* MainTabBarController.swift */; };
		8D2666E61D98F08C0028CB33 /* NetworkManager.swift in Sources */ = {isa = PBXBuildFile; fileRef = 8D2666E51D98F08C0028CB33 /* NetworkManager.swift */; };
		8D92F6501D94F6850068A40A /* LanguageHelper.swift in Sources */ = {isa = PBXBuildFile; fileRef = 8D92F64F1D94F6850068A40A /* LanguageHelper.swift */; };
		8D92F6521D94F8480068A40A /* MyCenter.storyboard in Resources */ = {isa = PBXBuildFile; fileRef = 8D92F6511D94F8480068A40A /* MyCenter.storyboard */; };
		8D92F6541D94F9670068A40A /* MyCenterController.swift in Sources */ = {isa = PBXBuildFile; fileRef = 8D92F6531D94F9670068A40A /* MyCenterController.swift */; };
		8D92F6561D94FA700068A40A /* WebShopController.swift in Sources */ = {isa = PBXBuildFile; fileRef = 8D92F6551D94FA700068A40A /* WebShopController.swift */; };
		8D92F6581D94FAB00068A40A /* MyDevicesController.swift in Sources */ = {isa = PBXBuildFile; fileRef = 8D92F6571D94FAB00068A40A /* MyDevicesController.swift */; };
		8D92F65A1D94FAC70068A40A /* MyDevices.storyboard in Resources */ = {isa = PBXBuildFile; fileRef = 8D92F6591D94FAC70068A40A /* MyDevices.storyboard */; };
		8D92F65C1D94FAE40068A40A /* CounselingController.swift in Sources */ = {isa = PBXBuildFile; fileRef = 8D92F65B1D94FAE40068A40A /* CounselingController.swift */; };
		8D92F65E1D9510450068A40A /* GloabConfig.swift in Sources */ = {isa = PBXBuildFile; fileRef = 8D92F65D1D9510450068A40A /* GloabConfig.swift */; };
		8D92F6611D95252E0068A40A /* Localizable.strings in Resources */ = {isa = PBXBuildFile; fileRef = 8D92F6631D95252E0068A40A /* Localizable.strings */; };
		8D92F6681D9526460068A40A /* InfoPlist.strings in Resources */ = {isa = PBXBuildFile; fileRef = 8D92F66A1D9526460068A40A /* InfoPlist.strings */; };
		8D92F66F1D95346E0068A40A /* LeftMenuController.swift in Sources */ = {isa = PBXBuildFile; fileRef = 8D92F66E1D95346E0068A40A /* LeftMenuController.swift */; };
		8D92F6711D9534890068A40A /* LeftMenu.storyboard in Resources */ = {isa = PBXBuildFile; fileRef = 8D92F6701D9534890068A40A /* LeftMenu.storyboard */; };
		8DAE80561D9A097800A9946F /* Info.plist in Resources */ = {isa = PBXBuildFile; fileRef = 8DAE80531D9A097800A9946F /* Info.plist */; };
		8DAE80571D9A097800A9946F /* SlideMenuController.swift in Sources */ = {isa = PBXBuildFile; fileRef = 8DAE80541D9A097800A9946F /* SlideMenuController.swift */; };
		8DAE80601D9A0CB200A9946F /* AFNetworking.framework in Frameworks */ = {isa = PBXBuildFile; fileRef = 8DAE805E1D9A0CB200A9946F /* AFNetworking.framework */; };
		8DAE80611D9A0CB200A9946F /* AFNetworking.framework in Embed Frameworks */ = {isa = PBXBuildFile; fileRef = 8DAE805E1D9A0CB200A9946F /* AFNetworking.framework */; settings = {ATTRIBUTES = (CodeSignOnCopy, RemoveHeadersOnCopy, ); }; };
		8DAE80621D9A0CB200A9946F /* SwiftyJSON.framework in Frameworks */ = {isa = PBXBuildFile; fileRef = 8DAE805F1D9A0CB200A9946F /* SwiftyJSON.framework */; };
		8DAE80631D9A0CB200A9946F /* SwiftyJSON.framework in Embed Frameworks */ = {isa = PBXBuildFile; fileRef = 8DAE805F1D9A0CB200A9946F /* SwiftyJSON.framework */; settings = {ATTRIBUTES = (CodeSignOnCopy, RemoveHeadersOnCopy, ); }; };
		8DAE806B1D9A600900A9946F /* LeftMenuDeviceCell.swift in Sources */ = {isa = PBXBuildFile; fileRef = 8DAE80691D9A600900A9946F /* LeftMenuDeviceCell.swift */; };
		8DAE806C1D9A600900A9946F /* LeftMenuDeviceCell.xib in Resources */ = {isa = PBXBuildFile; fileRef = 8DAE806A1D9A600900A9946F /* LeftMenuDeviceCell.xib */; };
		8DAE80721D9A85EC00A9946F /* SelectDeviceTableController.swift in Sources */ = {isa = PBXBuildFile; fileRef = 8DAE80711D9A85EC00A9946F /* SelectDeviceTableController.swift */; };
		8DF78D611D94DBEB002C4202 /* Assets.xcassets in Resources */ = {isa = PBXBuildFile; fileRef = 8DF78D601D94DBEB002C4202 /* Assets.xcassets */; };
		B7148BE01DAC8561002CA348 /* MyInfoHeadView.swift in Sources */ = {isa = PBXBuildFile; fileRef = B7148BDF1DAC8561002CA348 /* MyInfoHeadView.swift */; };
		B7148BE21DAC8577002CA348 /* MyInfoHeadView.xib in Resources */ = {isa = PBXBuildFile; fileRef = B7148BE11DAC8577002CA348 /* MyInfoHeadView.xib */; };
		B714DF581D9BA9EE00D5AAC3 /* ZHCMessagesAssets.bundle in Resources */ = {isa = PBXBuildFile; fileRef = B714DEF11D9BA9EE00D5AAC3 /* ZHCMessagesAssets.bundle */; };
		B714DF591D9BA9EE00D5AAC3 /* NSArray+ZHCMessages.m in Sources */ = {isa = PBXBuildFile; fileRef = B714DEF41D9BA9EE00D5AAC3 /* NSArray+ZHCMessages.m */; };
		B714DF5A1D9BA9EE00D5AAC3 /* NSBundle+ZHCMessages.m in Sources */ = {isa = PBXBuildFile; fileRef = B714DEF61D9BA9EE00D5AAC3 /* NSBundle+ZHCMessages.m */; };
		B714DF5B1D9BA9EE00D5AAC3 /* NSString+Emoji.m in Sources */ = {isa = PBXBuildFile; fileRef = B714DEF81D9BA9EE00D5AAC3 /* NSString+Emoji.m */; };
		B714DF5C1D9BA9EE00D5AAC3 /* NSString+ZHCMessages.m in Sources */ = {isa = PBXBuildFile; fileRef = B714DEFA1D9BA9EE00D5AAC3 /* NSString+ZHCMessages.m */; };
		B714DF5D1D9BA9EE00D5AAC3 /* UIColor+ZHCMessages.m in Sources */ = {isa = PBXBuildFile; fileRef = B714DEFC1D9BA9EE00D5AAC3 /* UIColor+ZHCMessages.m */; };
		B714DF5E1D9BA9EE00D5AAC3 /* UIImage+ZHCMessages.m in Sources */ = {isa = PBXBuildFile; fileRef = B714DEFE1D9BA9EE00D5AAC3 /* UIImage+ZHCMessages.m */; };
		B714DF5F1D9BA9EE00D5AAC3 /* UIView+ZHCMessages.m in Sources */ = {isa = PBXBuildFile; fileRef = B714DF001D9BA9EE00D5AAC3 /* UIView+ZHCMessages.m */; };
		B714DF601D9BA9EE00D5AAC3 /* ZHCMessagesViewController.m in Sources */ = {isa = PBXBuildFile; fileRef = B714DF061D9BA9EE00D5AAC3 /* ZHCMessagesViewController.m */; };
		B714DF611D9BA9EE00D5AAC3 /* ZHCMessagesViewController.xib in Resources */ = {isa = PBXBuildFile; fileRef = B714DF071D9BA9EE00D5AAC3 /* ZHCMessagesViewController.xib */; };
		B714DFA51D9CA6FA00D5AAC3 /* ZHCMessagesAudioProgressHUD.m in Sources */ = {isa = PBXBuildFile; fileRef = B714DF871D9CA6FA00D5AAC3 /* ZHCMessagesAudioProgressHUD.m */; };
		B714DFA61D9CA6FA00D5AAC3 /* ZHCMessagesCellTextView.m in Sources */ = {isa = PBXBuildFile; fileRef = B714DF891D9CA6FA00D5AAC3 /* ZHCMessagesCellTextView.m */; };
		B714DFA71D9CA6FA00D5AAC3 /* ZHCMessagesComposerTextView.m in Sources */ = {isa = PBXBuildFile; fileRef = B714DF8B1D9CA6FA00D5AAC3 /* ZHCMessagesComposerTextView.m */; };
		B714DFA81D9CA6FA00D5AAC3 /* ZHCMessagesEmojiView.m in Sources */ = {isa = PBXBuildFile; fileRef = B714DF8D1D9CA6FA00D5AAC3 /* ZHCMessagesEmojiView.m */; };
		B714DFA91D9CA6FA00D5AAC3 /* ZHCMessagesInputToolbar.m in Sources */ = {isa = PBXBuildFile; fileRef = B714DF8F1D9CA6FA00D5AAC3 /* ZHCMessagesInputToolbar.m */; };
		B714DFAA1D9CA6FA00D5AAC3 /* ZHCMessagesLabel.m in Sources */ = {isa = PBXBuildFile; fileRef = B714DF911D9CA6FA00D5AAC3 /* ZHCMessagesLabel.m */; };
		B714DFAB1D9CA6FA00D5AAC3 /* ZHCMessagesMediaPlaceholderView.m in Sources */ = {isa = PBXBuildFile; fileRef = B714DF931D9CA6FA00D5AAC3 /* ZHCMessagesMediaPlaceholderView.m */; };
		B714DFAC1D9CA6FA00D5AAC3 /* ZHCMessagesMoreItem.m in Sources */ = {isa = PBXBuildFile; fileRef = B714DF951D9CA6FA00D5AAC3 /* ZHCMessagesMoreItem.m */; };
		B714DFAD1D9CA6FA00D5AAC3 /* ZHCMessagesMoreView.m in Sources */ = {isa = PBXBuildFile; fileRef = B714DF971D9CA6FA00D5AAC3 /* ZHCMessagesMoreView.m */; };
		B714DFAE1D9CA6FA00D5AAC3 /* ZHCMessagesTableView.m in Sources */ = {isa = PBXBuildFile; fileRef = B714DF991D9CA6FA00D5AAC3 /* ZHCMessagesTableView.m */; };
		B714DFAF1D9CA6FA00D5AAC3 /* ZHCMessagesTableViewCell.m in Sources */ = {isa = PBXBuildFile; fileRef = B714DF9B1D9CA6FA00D5AAC3 /* ZHCMessagesTableViewCell.m */; };
		B714DFB01D9CA6FA00D5AAC3 /* ZHCMessagesTableViewCellIncoming.m in Sources */ = {isa = PBXBuildFile; fileRef = B714DF9D1D9CA6FA00D5AAC3 /* ZHCMessagesTableViewCellIncoming.m */; };
		B714DFB11D9CA6FA00D5AAC3 /* ZHCMessagesTableViewCellIncoming.xib in Resources */ = {isa = PBXBuildFile; fileRef = B714DF9E1D9CA6FA00D5AAC3 /* ZHCMessagesTableViewCellIncoming.xib */; };
		B714DFB21D9CA6FA00D5AAC3 /* ZHCMessagesTableViewCellOutcoming.m in Sources */ = {isa = PBXBuildFile; fileRef = B714DFA01D9CA6FA00D5AAC3 /* ZHCMessagesTableViewCellOutcoming.m */; };
		B714DFB31D9CA6FA00D5AAC3 /* ZHCMessagesTableViewCellOutcoming.xib in Resources */ = {isa = PBXBuildFile; fileRef = B714DFA11D9CA6FA00D5AAC3 /* ZHCMessagesTableViewCellOutcoming.xib */; };
		B714DFB41D9CA6FA00D5AAC3 /* ZHCMessagesToolbarContentView.m in Sources */ = {isa = PBXBuildFile; fileRef = B714DFA31D9CA6FA00D5AAC3 /* ZHCMessagesToolbarContentView.m */; };
		B714DFB51D9CA6FA00D5AAC3 /* ZHCMessagesToolbarContentView.xib in Resources */ = {isa = PBXBuildFile; fileRef = B714DFA41D9CA6FA00D5AAC3 /* ZHCMessagesToolbarContentView.xib */; };
		B714DFBA1D9CA71100D5AAC3 /* ZHCMessagesAudioPlayer.m in Sources */ = {isa = PBXBuildFile; fileRef = B714DFB71D9CA71100D5AAC3 /* ZHCMessagesAudioPlayer.m */; };
		B714DFBB1D9CA71100D5AAC3 /* ZHCMessagesVoiceRecorder.m in Sources */ = {isa = PBXBuildFile; fileRef = B714DFB91D9CA71100D5AAC3 /* ZHCMessagesVoiceRecorder.m */; };
		B714DFD21D9CA71F00D5AAC3 /* ZHCAudioMediaItem.m in Sources */ = {isa = PBXBuildFile; fileRef = B714DFBD1D9CA71F00D5AAC3 /* ZHCAudioMediaItem.m */; };
		B714DFD31D9CA71F00D5AAC3 /* ZHCLocationMediaItem.m in Sources */ = {isa = PBXBuildFile; fileRef = B714DFBF1D9CA71F00D5AAC3 /* ZHCLocationMediaItem.m */; };
		B714DFD41D9CA71F00D5AAC3 /* ZHCMediaItem.m in Sources */ = {isa = PBXBuildFile; fileRef = B714DFC11D9CA71F00D5AAC3 /* ZHCMediaItem.m */; };
		B714DFD51D9CA71F00D5AAC3 /* ZHCMessage.m in Sources */ = {isa = PBXBuildFile; fileRef = B714DFC31D9CA71F00D5AAC3 /* ZHCMessage.m */; };
		B714DFD61D9CA71F00D5AAC3 /* ZHCMessagesAvatarImage.m in Sources */ = {isa = PBXBuildFile; fileRef = B714DFC91D9CA71F00D5AAC3 /* ZHCMessagesAvatarImage.m */; };
		B714DFD71D9CA71F00D5AAC3 /* ZHCMessagesBubbleImage.m in Sources */ = {isa = PBXBuildFile; fileRef = B714DFCB1D9CA71F00D5AAC3 /* ZHCMessagesBubbleImage.m */; };
		B714DFD81D9CA71F00D5AAC3 /* ZHCPhotoMediaItem.m in Sources */ = {isa = PBXBuildFile; fileRef = B714DFCF1D9CA71F00D5AAC3 /* ZHCPhotoMediaItem.m */; };
		B714DFD91D9CA71F00D5AAC3 /* ZHCVideoMediaItem.m in Sources */ = {isa = PBXBuildFile; fileRef = B714DFD11D9CA71F00D5AAC3 /* ZHCVideoMediaItem.m */; };
		B714DFE01D9CA72B00D5AAC3 /* ZHCAudioMediaViewAttributes.m in Sources */ = {isa = PBXBuildFile; fileRef = B714DFDB1D9CA72B00D5AAC3 /* ZHCAudioMediaViewAttributes.m */; };
		B714DFE11D9CA72B00D5AAC3 /* ZHCMessagesBubbleCalculator.m in Sources */ = {isa = PBXBuildFile; fileRef = B714DFDD1D9CA72B00D5AAC3 /* ZHCMessagesBubbleCalculator.m */; };
		B714DFE21D9CA72B00D5AAC3 /* ZHCMessagesTableviewLayoutAttributes.m in Sources */ = {isa = PBXBuildFile; fileRef = B714DFDF1D9CA72B00D5AAC3 /* ZHCMessagesTableviewLayoutAttributes.m */; };
		B714DFEF1D9CA73B00D5AAC3 /* ZHCMessagesAvatarImageFactory.m in Sources */ = {isa = PBXBuildFile; fileRef = B714DFE41D9CA73B00D5AAC3 /* ZHCMessagesAvatarImageFactory.m */; };
		B714DFF01D9CA73B00D5AAC3 /* ZHCMessagesBubbleImageFactory.m in Sources */ = {isa = PBXBuildFile; fileRef = B714DFE61D9CA73B00D5AAC3 /* ZHCMessagesBubbleImageFactory.m */; };
		B714DFF11D9CA73B00D5AAC3 /* ZHCMessagesEmojiFactory.m in Sources */ = {isa = PBXBuildFile; fileRef = B714DFE81D9CA73B00D5AAC3 /* ZHCMessagesEmojiFactory.m */; };
		B714DFF21D9CA73B00D5AAC3 /* ZHCMessagesMediaViewBubbleImageMasker.m in Sources */ = {isa = PBXBuildFile; fileRef = B714DFEA1D9CA73B00D5AAC3 /* ZHCMessagesMediaViewBubbleImageMasker.m */; };
		B714DFF31D9CA73B00D5AAC3 /* ZHCMessagesTimestampFormatter.m in Sources */ = {isa = PBXBuildFile; fileRef = B714DFEC1D9CA73B00D5AAC3 /* ZHCMessagesTimestampFormatter.m */; };
		B714DFF41D9CA73B00D5AAC3 /* ZHCMessagesToolbarButtonFactory.m in Sources */ = {isa = PBXBuildFile; fileRef = B714DFEE1D9CA73B00D5AAC3 /* ZHCMessagesToolbarButtonFactory.m */; };
		B714DFF81D9CAF7900D5AAC3 /* GYModelData.swift in Sources */ = {isa = PBXBuildFile; fileRef = B714DFF71D9CAF7900D5AAC3 /* GYModelData.swift */; };
		B714DFFD1D9CB13700D5AAC3 /* ZHCModelData.m in Sources */ = {isa = PBXBuildFile; fileRef = B714DFFA1D9CB13700D5AAC3 /* ZHCModelData.m */; };
		B714DFFE1D9CB13700D5AAC3 /* ZHUseFDModel.m in Sources */ = {isa = PBXBuildFile; fileRef = B714DFFC1D9CB13700D5AAC3 /* ZHUseFDModel.m */; };
		B714E0001D9CD50700D5AAC3 /* data.json in Resources */ = {isa = PBXBuildFile; fileRef = B714DFFF1D9CD50700D5AAC3 /* data.json */; };
		B7725CFF1D9DF8FF0047AC6F /* BDImagePicker.m in Sources */ = {isa = PBXBuildFile; fileRef = B7725CFE1D9DF8FF0047AC6F /* BDImagePicker.m */; };
		B779687E1D9E4B4C0046AD66 /* UUImageAvatarBrowser.m in Sources */ = {isa = PBXBuildFile; fileRef = B779687D1D9E4B4C0046AD66 /* UUImageAvatarBrowser.m */; };
		B7E4E6B21DACB4B300B82774 /* MyInfoCell.swift in Sources */ = {isa = PBXBuildFile; fileRef = B7E4E6B01DACB4B300B82774 /* MyInfoCell.swift */; };
		B7E4E6B31DACB4B300B82774 /* MyInfoCell.xib in Resources */ = {isa = PBXBuildFile; fileRef = B7E4E6B11DACB4B300B82774 /* MyInfoCell.xib */; };
/* End PBXBuildFile section */

/* Begin PBXContainerItemProxy section */
		8D1EF39B1D93DE050009D034 /* PBXContainerItemProxy */ = {
			isa = PBXContainerItemProxy;
			containerPortal = 8D1EF37C1D93DE050009D034 /* Project object */;
			proxyType = 1;
			remoteGlobalIDString = 8D1EF3831D93DE050009D034;
			remoteInfo = OzneriFamily;
		};
		8D1EF3A61D93DE050009D034 /* PBXContainerItemProxy */ = {
			isa = PBXContainerItemProxy;
			containerPortal = 8D1EF37C1D93DE050009D034 /* Project object */;
			proxyType = 1;
			remoteGlobalIDString = 8D1EF3831D93DE050009D034;
			remoteInfo = OzneriFamily;
		};
/* End PBXContainerItemProxy section */

/* Begin PBXCopyFilesBuildPhase section */
		8D2666E01D98EE590028CB33 /* Embed Frameworks */ = {
			isa = PBXCopyFilesBuildPhase;
			buildActionMask = 2147483647;
			dstPath = "";
			dstSubfolderSpec = 10;
			files = (
				8DAE80631D9A0CB200A9946F /* SwiftyJSON.framework in Embed Frameworks */,
				8DAE80611D9A0CB200A9946F /* AFNetworking.framework in Embed Frameworks */,
			);
			name = "Embed Frameworks";
			runOnlyForDeploymentPostprocessing = 0;
		};
/* End PBXCopyFilesBuildPhase section */

/* Begin PBXFileReference section */
		3FF38EB9A5D6D0B8FCEAAC12 /* Pods_OzneriFamily.framework */ = {isa = PBXFileReference; explicitFileType = wrapper.framework; includeInIndex = 0; path = Pods_OzneriFamily.framework; sourceTree = BUILT_PRODUCTS_DIR; };
		8D1EF3841D93DE050009D034 /* OzneriFamily.app */ = {isa = PBXFileReference; explicitFileType = wrapper.application; includeInIndex = 0; path = OzneriFamily.app; sourceTree = BUILT_PRODUCTS_DIR; };
		8D1EF3871D93DE050009D034 /* AppDelegate.swift */ = {isa = PBXFileReference; lastKnownFileType = sourcecode.swift; path = AppDelegate.swift; sourceTree = "<group>"; };
		8D1EF3951D93DE050009D034 /* Info.plist */ = {isa = PBXFileReference; lastKnownFileType = text.plist.xml; path = Info.plist; sourceTree = "<group>"; };
		8D1EF39A1D93DE050009D034 /* OzneriFamilyTests.xctest */ = {isa = PBXFileReference; explicitFileType = wrapper.cfbundle; includeInIndex = 0; path = OzneriFamilyTests.xctest; sourceTree = BUILT_PRODUCTS_DIR; };
		8D1EF39E1D93DE050009D034 /* OzneriFamilyTests.swift */ = {isa = PBXFileReference; lastKnownFileType = sourcecode.swift; path = OzneriFamilyTests.swift; sourceTree = "<group>"; };
		8D1EF3A01D93DE050009D034 /* Info.plist */ = {isa = PBXFileReference; lastKnownFileType = text.plist.xml; path = Info.plist; sourceTree = "<group>"; };
		8D1EF3A51D93DE050009D034 /* OzneriFamilyUITests.xctest */ = {isa = PBXFileReference; explicitFileType = wrapper.cfbundle; includeInIndex = 0; path = OzneriFamilyUITests.xctest; sourceTree = BUILT_PRODUCTS_DIR; };
		8D1EF3A91D93DE050009D034 /* OzneriFamilyUITests.swift */ = {isa = PBXFileReference; lastKnownFileType = sourcecode.swift; path = OzneriFamilyUITests.swift; sourceTree = "<group>"; };
		8D1EF3AB1D93DE050009D034 /* Info.plist */ = {isa = PBXFileReference; lastKnownFileType = text.plist.xml; path = Info.plist; sourceTree = "<group>"; };
		8D1EF3B71D93DED50009D034 /* OzneriFamily-Bridging-Header.h */ = {isa = PBXFileReference; lastKnownFileType = sourcecode.c.h; path = "OzneriFamily-Bridging-Header.h"; sourceTree = "<group>"; };
		8D1EF3C41D93F01F0009D034 /* MainTabBarController.swift */ = {isa = PBXFileReference; fileEncoding = 4; lastKnownFileType = sourcecode.swift; path = MainTabBarController.swift; sourceTree = "<group>"; };
		8D2666E51D98F08C0028CB33 /* NetworkManager.swift */ = {isa = PBXFileReference; fileEncoding = 4; lastKnownFileType = sourcecode.swift; path = NetworkManager.swift; sourceTree = "<group>"; };
		8D92F64F1D94F6850068A40A /* LanguageHelper.swift */ = {isa = PBXFileReference; fileEncoding = 4; lastKnownFileType = sourcecode.swift; path = LanguageHelper.swift; sourceTree = "<group>"; };
		8D92F6511D94F8480068A40A /* MyCenter.storyboard */ = {isa = PBXFileReference; fileEncoding = 4; lastKnownFileType = file.storyboard; path = MyCenter.storyboard; sourceTree = "<group>"; };
		8D92F6531D94F9670068A40A /* MyCenterController.swift */ = {isa = PBXFileReference; fileEncoding = 4; lastKnownFileType = sourcecode.swift; path = MyCenterController.swift; sourceTree = "<group>"; };
		8D92F6551D94FA700068A40A /* WebShopController.swift */ = {isa = PBXFileReference; fileEncoding = 4; lastKnownFileType = sourcecode.swift; path = WebShopController.swift; sourceTree = "<group>"; };
		8D92F6571D94FAB00068A40A /* MyDevicesController.swift */ = {isa = PBXFileReference; fileEncoding = 4; lastKnownFileType = sourcecode.swift; path = MyDevicesController.swift; sourceTree = "<group>"; };
		8D92F6591D94FAC70068A40A /* MyDevices.storyboard */ = {isa = PBXFileReference; fileEncoding = 4; lastKnownFileType = file.storyboard; path = MyDevices.storyboard; sourceTree = "<group>"; };
		8D92F65B1D94FAE40068A40A /* CounselingController.swift */ = {isa = PBXFileReference; fileEncoding = 4; lastKnownFileType = sourcecode.swift; path = CounselingController.swift; sourceTree = "<group>"; };
		8D92F65D1D9510450068A40A /* GloabConfig.swift */ = {isa = PBXFileReference; fileEncoding = 4; lastKnownFileType = sourcecode.swift; path = GloabConfig.swift; sourceTree = "<group>"; };
		8D92F6621D95252E0068A40A /* Base */ = {isa = PBXFileReference; lastKnownFileType = text.plist.strings; name = Base; path = Base.lproj/Localizable.strings; sourceTree = "<group>"; };
		8D92F6641D9525320068A40A /* en */ = {isa = PBXFileReference; lastKnownFileType = text.plist.strings; name = en; path = en.lproj/Localizable.strings; sourceTree = "<group>"; };
		8D92F6651D95255D0068A40A /* zh-Hans */ = {isa = PBXFileReference; lastKnownFileType = text.plist.strings; name = "zh-Hans"; path = "zh-Hans.lproj/Localizable.strings"; sourceTree = "<group>"; };
		8D92F6691D9526460068A40A /* en */ = {isa = PBXFileReference; lastKnownFileType = text.plist.strings; name = en; path = en.lproj/InfoPlist.strings; sourceTree = "<group>"; };
		8D92F66B1D9526470068A40A /* Base */ = {isa = PBXFileReference; lastKnownFileType = text.plist.strings; name = Base; path = Base.lproj/InfoPlist.strings; sourceTree = "<group>"; };
		8D92F66C1D9526490068A40A /* zh-Hans */ = {isa = PBXFileReference; lastKnownFileType = text.plist.strings; name = "zh-Hans"; path = "zh-Hans.lproj/InfoPlist.strings"; sourceTree = "<group>"; };
		8D92F66E1D95346E0068A40A /* LeftMenuController.swift */ = {isa = PBXFileReference; fileEncoding = 4; lastKnownFileType = sourcecode.swift; path = LeftMenuController.swift; sourceTree = "<group>"; };
		8D92F6701D9534890068A40A /* LeftMenu.storyboard */ = {isa = PBXFileReference; fileEncoding = 4; lastKnownFileType = file.storyboard; path = LeftMenu.storyboard; sourceTree = "<group>"; };
		8DAE80531D9A097800A9946F /* Info.plist */ = {isa = PBXFileReference; fileEncoding = 4; lastKnownFileType = text.plist.xml; path = Info.plist; sourceTree = "<group>"; };
		8DAE80541D9A097800A9946F /* SlideMenuController.swift */ = {isa = PBXFileReference; fileEncoding = 4; lastKnownFileType = sourcecode.swift; path = SlideMenuController.swift; sourceTree = "<group>"; };
		8DAE80551D9A097800A9946F /* SlideMenuControllerSwift.h */ = {isa = PBXFileReference; fileEncoding = 4; lastKnownFileType = sourcecode.c.h; path = SlideMenuControllerSwift.h; sourceTree = "<group>"; };
		8DAE805E1D9A0CB200A9946F /* AFNetworking.framework */ = {isa = PBXFileReference; lastKnownFileType = wrapper.framework; name = AFNetworking.framework; path = Carthage/Build/iOS/AFNetworking.framework; sourceTree = "<group>"; };
		8DAE805F1D9A0CB200A9946F /* SwiftyJSON.framework */ = {isa = PBXFileReference; lastKnownFileType = wrapper.framework; name = SwiftyJSON.framework; path = Carthage/Build/iOS/SwiftyJSON.framework; sourceTree = "<group>"; };
		8DAE80691D9A600900A9946F /* LeftMenuDeviceCell.swift */ = {isa = PBXFileReference; fileEncoding = 4; lastKnownFileType = sourcecode.swift; path = LeftMenuDeviceCell.swift; sourceTree = "<group>"; };
		8DAE806A1D9A600900A9946F /* LeftMenuDeviceCell.xib */ = {isa = PBXFileReference; fileEncoding = 4; lastKnownFileType = file.xib; path = LeftMenuDeviceCell.xib; sourceTree = "<group>"; };
		8DAE80711D9A85EC00A9946F /* SelectDeviceTableController.swift */ = {isa = PBXFileReference; fileEncoding = 4; lastKnownFileType = sourcecode.swift; path = SelectDeviceTableController.swift; sourceTree = "<group>"; };
		8DF78D601D94DBEB002C4202 /* Assets.xcassets */ = {isa = PBXFileReference; lastKnownFileType = folder.assetcatalog; path = Assets.xcassets; sourceTree = "<group>"; };
		9C704BF1A0D2ADD5B7874B6A /* Pods-OzneriFamily.debug.xcconfig */ = {isa = PBXFileReference; includeInIndex = 1; lastKnownFileType = text.xcconfig; name = "Pods-OzneriFamily.debug.xcconfig"; path = "Pods/Target Support Files/Pods-OzneriFamily/Pods-OzneriFamily.debug.xcconfig"; sourceTree = "<group>"; };
		B7148BDF1DAC8561002CA348 /* MyInfoHeadView.swift */ = {isa = PBXFileReference; fileEncoding = 4; lastKnownFileType = sourcecode.swift; path = MyInfoHeadView.swift; sourceTree = "<group>"; };
		B7148BE11DAC8577002CA348 /* MyInfoHeadView.xib */ = {isa = PBXFileReference; fileEncoding = 4; lastKnownFileType = file.xib; path = MyInfoHeadView.xib; sourceTree = "<group>"; };
		B714DEF11D9BA9EE00D5AAC3 /* ZHCMessagesAssets.bundle */ = {isa = PBXFileReference; lastKnownFileType = "wrapper.plug-in"; path = ZHCMessagesAssets.bundle; sourceTree = "<group>"; };
		B714DEF31D9BA9EE00D5AAC3 /* NSArray+ZHCMessages.h */ = {isa = PBXFileReference; fileEncoding = 4; lastKnownFileType = sourcecode.c.h; path = "NSArray+ZHCMessages.h"; sourceTree = "<group>"; };
		B714DEF41D9BA9EE00D5AAC3 /* NSArray+ZHCMessages.m */ = {isa = PBXFileReference; fileEncoding = 4; lastKnownFileType = sourcecode.c.objc; path = "NSArray+ZHCMessages.m"; sourceTree = "<group>"; };
		B714DEF51D9BA9EE00D5AAC3 /* NSBundle+ZHCMessages.h */ = {isa = PBXFileReference; fileEncoding = 4; lastKnownFileType = sourcecode.c.h; path = "NSBundle+ZHCMessages.h"; sourceTree = "<group>"; };
		B714DEF61D9BA9EE00D5AAC3 /* NSBundle+ZHCMessages.m */ = {isa = PBXFileReference; fileEncoding = 4; lastKnownFileType = sourcecode.c.objc; path = "NSBundle+ZHCMessages.m"; sourceTree = "<group>"; };
		B714DEF71D9BA9EE00D5AAC3 /* NSString+Emoji.h */ = {isa = PBXFileReference; fileEncoding = 4; lastKnownFileType = sourcecode.c.h; path = "NSString+Emoji.h"; sourceTree = "<group>"; };
		B714DEF81D9BA9EE00D5AAC3 /* NSString+Emoji.m */ = {isa = PBXFileReference; fileEncoding = 4; lastKnownFileType = sourcecode.c.objc; path = "NSString+Emoji.m"; sourceTree = "<group>"; };
		B714DEF91D9BA9EE00D5AAC3 /* NSString+ZHCMessages.h */ = {isa = PBXFileReference; fileEncoding = 4; lastKnownFileType = sourcecode.c.h; path = "NSString+ZHCMessages.h"; sourceTree = "<group>"; };
		B714DEFA1D9BA9EE00D5AAC3 /* NSString+ZHCMessages.m */ = {isa = PBXFileReference; fileEncoding = 4; lastKnownFileType = sourcecode.c.objc; path = "NSString+ZHCMessages.m"; sourceTree = "<group>"; };
		B714DEFB1D9BA9EE00D5AAC3 /* UIColor+ZHCMessages.h */ = {isa = PBXFileReference; fileEncoding = 4; lastKnownFileType = sourcecode.c.h; path = "UIColor+ZHCMessages.h"; sourceTree = "<group>"; };
		B714DEFC1D9BA9EE00D5AAC3 /* UIColor+ZHCMessages.m */ = {isa = PBXFileReference; fileEncoding = 4; lastKnownFileType = sourcecode.c.objc; path = "UIColor+ZHCMessages.m"; sourceTree = "<group>"; };
		B714DEFD1D9BA9EE00D5AAC3 /* UIImage+ZHCMessages.h */ = {isa = PBXFileReference; fileEncoding = 4; lastKnownFileType = sourcecode.c.h; path = "UIImage+ZHCMessages.h"; sourceTree = "<group>"; };
		B714DEFE1D9BA9EE00D5AAC3 /* UIImage+ZHCMessages.m */ = {isa = PBXFileReference; fileEncoding = 4; lastKnownFileType = sourcecode.c.objc; path = "UIImage+ZHCMessages.m"; sourceTree = "<group>"; };
		B714DEFF1D9BA9EE00D5AAC3 /* UIView+ZHCMessages.h */ = {isa = PBXFileReference; fileEncoding = 4; lastKnownFileType = sourcecode.c.h; path = "UIView+ZHCMessages.h"; sourceTree = "<group>"; };
		B714DF001D9BA9EE00D5AAC3 /* UIView+ZHCMessages.m */ = {isa = PBXFileReference; fileEncoding = 4; lastKnownFileType = sourcecode.c.objc; path = "UIView+ZHCMessages.m"; sourceTree = "<group>"; };
		B714DF021D9BA9EE00D5AAC3 /* ZHCMessages.h */ = {isa = PBXFileReference; fileEncoding = 4; lastKnownFileType = sourcecode.c.h; path = ZHCMessages.h; sourceTree = "<group>"; };
		B714DF031D9BA9EE00D5AAC3 /* ZHCMessagesCommonParameter.h */ = {isa = PBXFileReference; fileEncoding = 4; lastKnownFileType = sourcecode.c.h; path = ZHCMessagesCommonParameter.h; sourceTree = "<group>"; };
		B714DF051D9BA9EE00D5AAC3 /* ZHCMessagesViewController.h */ = {isa = PBXFileReference; fileEncoding = 4; lastKnownFileType = sourcecode.c.h; path = ZHCMessagesViewController.h; sourceTree = "<group>"; };
		B714DF061D9BA9EE00D5AAC3 /* ZHCMessagesViewController.m */ = {isa = PBXFileReference; fileEncoding = 4; lastKnownFileType = sourcecode.c.objc; path = ZHCMessagesViewController.m; sourceTree = "<group>"; };
		B714DF071D9BA9EE00D5AAC3 /* ZHCMessagesViewController.xib */ = {isa = PBXFileReference; fileEncoding = 4; lastKnownFileType = file.xib; path = ZHCMessagesViewController.xib; sourceTree = "<group>"; };
		B714DF861D9CA6FA00D5AAC3 /* ZHCMessagesAudioProgressHUD.h */ = {isa = PBXFileReference; fileEncoding = 4; lastKnownFileType = sourcecode.c.h; path = ZHCMessagesAudioProgressHUD.h; sourceTree = "<group>"; };
		B714DF871D9CA6FA00D5AAC3 /* ZHCMessagesAudioProgressHUD.m */ = {isa = PBXFileReference; fileEncoding = 4; lastKnownFileType = sourcecode.c.objc; path = ZHCMessagesAudioProgressHUD.m; sourceTree = "<group>"; };
		B714DF881D9CA6FA00D5AAC3 /* ZHCMessagesCellTextView.h */ = {isa = PBXFileReference; fileEncoding = 4; lastKnownFileType = sourcecode.c.h; path = ZHCMessagesCellTextView.h; sourceTree = "<group>"; };
		B714DF891D9CA6FA00D5AAC3 /* ZHCMessagesCellTextView.m */ = {isa = PBXFileReference; fileEncoding = 4; lastKnownFileType = sourcecode.c.objc; path = ZHCMessagesCellTextView.m; sourceTree = "<group>"; };
		B714DF8A1D9CA6FA00D5AAC3 /* ZHCMessagesComposerTextView.h */ = {isa = PBXFileReference; fileEncoding = 4; lastKnownFileType = sourcecode.c.h; path = ZHCMessagesComposerTextView.h; sourceTree = "<group>"; };
		B714DF8B1D9CA6FA00D5AAC3 /* ZHCMessagesComposerTextView.m */ = {isa = PBXFileReference; fileEncoding = 4; lastKnownFileType = sourcecode.c.objc; path = ZHCMessagesComposerTextView.m; sourceTree = "<group>"; };
		B714DF8C1D9CA6FA00D5AAC3 /* ZHCMessagesEmojiView.h */ = {isa = PBXFileReference; fileEncoding = 4; lastKnownFileType = sourcecode.c.h; path = ZHCMessagesEmojiView.h; sourceTree = "<group>"; };
		B714DF8D1D9CA6FA00D5AAC3 /* ZHCMessagesEmojiView.m */ = {isa = PBXFileReference; fileEncoding = 4; lastKnownFileType = sourcecode.c.objc; path = ZHCMessagesEmojiView.m; sourceTree = "<group>"; };
		B714DF8E1D9CA6FA00D5AAC3 /* ZHCMessagesInputToolbar.h */ = {isa = PBXFileReference; fileEncoding = 4; lastKnownFileType = sourcecode.c.h; path = ZHCMessagesInputToolbar.h; sourceTree = "<group>"; };
		B714DF8F1D9CA6FA00D5AAC3 /* ZHCMessagesInputToolbar.m */ = {isa = PBXFileReference; fileEncoding = 4; lastKnownFileType = sourcecode.c.objc; path = ZHCMessagesInputToolbar.m; sourceTree = "<group>"; };
		B714DF901D9CA6FA00D5AAC3 /* ZHCMessagesLabel.h */ = {isa = PBXFileReference; fileEncoding = 4; lastKnownFileType = sourcecode.c.h; path = ZHCMessagesLabel.h; sourceTree = "<group>"; };
		B714DF911D9CA6FA00D5AAC3 /* ZHCMessagesLabel.m */ = {isa = PBXFileReference; fileEncoding = 4; lastKnownFileType = sourcecode.c.objc; path = ZHCMessagesLabel.m; sourceTree = "<group>"; };
		B714DF921D9CA6FA00D5AAC3 /* ZHCMessagesMediaPlaceholderView.h */ = {isa = PBXFileReference; fileEncoding = 4; lastKnownFileType = sourcecode.c.h; path = ZHCMessagesMediaPlaceholderView.h; sourceTree = "<group>"; };
		B714DF931D9CA6FA00D5AAC3 /* ZHCMessagesMediaPlaceholderView.m */ = {isa = PBXFileReference; fileEncoding = 4; lastKnownFileType = sourcecode.c.objc; path = ZHCMessagesMediaPlaceholderView.m; sourceTree = "<group>"; };
		B714DF941D9CA6FA00D5AAC3 /* ZHCMessagesMoreItem.h */ = {isa = PBXFileReference; fileEncoding = 4; lastKnownFileType = sourcecode.c.h; path = ZHCMessagesMoreItem.h; sourceTree = "<group>"; };
		B714DF951D9CA6FA00D5AAC3 /* ZHCMessagesMoreItem.m */ = {isa = PBXFileReference; fileEncoding = 4; lastKnownFileType = sourcecode.c.objc; path = ZHCMessagesMoreItem.m; sourceTree = "<group>"; };
		B714DF961D9CA6FA00D5AAC3 /* ZHCMessagesMoreView.h */ = {isa = PBXFileReference; fileEncoding = 4; lastKnownFileType = sourcecode.c.h; path = ZHCMessagesMoreView.h; sourceTree = "<group>"; };
		B714DF971D9CA6FA00D5AAC3 /* ZHCMessagesMoreView.m */ = {isa = PBXFileReference; fileEncoding = 4; lastKnownFileType = sourcecode.c.objc; path = ZHCMessagesMoreView.m; sourceTree = "<group>"; };
		B714DF981D9CA6FA00D5AAC3 /* ZHCMessagesTableView.h */ = {isa = PBXFileReference; fileEncoding = 4; lastKnownFileType = sourcecode.c.h; path = ZHCMessagesTableView.h; sourceTree = "<group>"; };
		B714DF991D9CA6FA00D5AAC3 /* ZHCMessagesTableView.m */ = {isa = PBXFileReference; fileEncoding = 4; lastKnownFileType = sourcecode.c.objc; path = ZHCMessagesTableView.m; sourceTree = "<group>"; };
		B714DF9A1D9CA6FA00D5AAC3 /* ZHCMessagesTableViewCell.h */ = {isa = PBXFileReference; fileEncoding = 4; lastKnownFileType = sourcecode.c.h; path = ZHCMessagesTableViewCell.h; sourceTree = "<group>"; };
		B714DF9B1D9CA6FA00D5AAC3 /* ZHCMessagesTableViewCell.m */ = {isa = PBXFileReference; fileEncoding = 4; lastKnownFileType = sourcecode.c.objc; path = ZHCMessagesTableViewCell.m; sourceTree = "<group>"; };
		B714DF9C1D9CA6FA00D5AAC3 /* ZHCMessagesTableViewCellIncoming.h */ = {isa = PBXFileReference; fileEncoding = 4; lastKnownFileType = sourcecode.c.h; path = ZHCMessagesTableViewCellIncoming.h; sourceTree = "<group>"; };
		B714DF9D1D9CA6FA00D5AAC3 /* ZHCMessagesTableViewCellIncoming.m */ = {isa = PBXFileReference; fileEncoding = 4; lastKnownFileType = sourcecode.c.objc; path = ZHCMessagesTableViewCellIncoming.m; sourceTree = "<group>"; };
		B714DF9E1D9CA6FA00D5AAC3 /* ZHCMessagesTableViewCellIncoming.xib */ = {isa = PBXFileReference; fileEncoding = 4; lastKnownFileType = file.xib; path = ZHCMessagesTableViewCellIncoming.xib; sourceTree = "<group>"; };
		B714DF9F1D9CA6FA00D5AAC3 /* ZHCMessagesTableViewCellOutcoming.h */ = {isa = PBXFileReference; fileEncoding = 4; lastKnownFileType = sourcecode.c.h; path = ZHCMessagesTableViewCellOutcoming.h; sourceTree = "<group>"; };
		B714DFA01D9CA6FA00D5AAC3 /* ZHCMessagesTableViewCellOutcoming.m */ = {isa = PBXFileReference; fileEncoding = 4; lastKnownFileType = sourcecode.c.objc; path = ZHCMessagesTableViewCellOutcoming.m; sourceTree = "<group>"; };
		B714DFA11D9CA6FA00D5AAC3 /* ZHCMessagesTableViewCellOutcoming.xib */ = {isa = PBXFileReference; fileEncoding = 4; lastKnownFileType = file.xib; path = ZHCMessagesTableViewCellOutcoming.xib; sourceTree = "<group>"; };
		B714DFA21D9CA6FA00D5AAC3 /* ZHCMessagesToolbarContentView.h */ = {isa = PBXFileReference; fileEncoding = 4; lastKnownFileType = sourcecode.c.h; path = ZHCMessagesToolbarContentView.h; sourceTree = "<group>"; };
		B714DFA31D9CA6FA00D5AAC3 /* ZHCMessagesToolbarContentView.m */ = {isa = PBXFileReference; fileEncoding = 4; lastKnownFileType = sourcecode.c.objc; path = ZHCMessagesToolbarContentView.m; sourceTree = "<group>"; };
		B714DFA41D9CA6FA00D5AAC3 /* ZHCMessagesToolbarContentView.xib */ = {isa = PBXFileReference; fileEncoding = 4; lastKnownFileType = file.xib; path = ZHCMessagesToolbarContentView.xib; sourceTree = "<group>"; };
		B714DFB61D9CA71100D5AAC3 /* ZHCMessagesAudioPlayer.h */ = {isa = PBXFileReference; fileEncoding = 4; lastKnownFileType = sourcecode.c.h; path = ZHCMessagesAudioPlayer.h; sourceTree = "<group>"; };
		B714DFB71D9CA71100D5AAC3 /* ZHCMessagesAudioPlayer.m */ = {isa = PBXFileReference; fileEncoding = 4; lastKnownFileType = sourcecode.c.objc; path = ZHCMessagesAudioPlayer.m; sourceTree = "<group>"; };
		B714DFB81D9CA71100D5AAC3 /* ZHCMessagesVoiceRecorder.h */ = {isa = PBXFileReference; fileEncoding = 4; lastKnownFileType = sourcecode.c.h; path = ZHCMessagesVoiceRecorder.h; sourceTree = "<group>"; };
		B714DFB91D9CA71100D5AAC3 /* ZHCMessagesVoiceRecorder.m */ = {isa = PBXFileReference; fileEncoding = 4; lastKnownFileType = sourcecode.c.objc; path = ZHCMessagesVoiceRecorder.m; sourceTree = "<group>"; };
		B714DFBC1D9CA71F00D5AAC3 /* ZHCAudioMediaItem.h */ = {isa = PBXFileReference; fileEncoding = 4; lastKnownFileType = sourcecode.c.h; path = ZHCAudioMediaItem.h; sourceTree = "<group>"; };
		B714DFBD1D9CA71F00D5AAC3 /* ZHCAudioMediaItem.m */ = {isa = PBXFileReference; fileEncoding = 4; lastKnownFileType = sourcecode.c.objc; path = ZHCAudioMediaItem.m; sourceTree = "<group>"; };
		B714DFBE1D9CA71F00D5AAC3 /* ZHCLocationMediaItem.h */ = {isa = PBXFileReference; fileEncoding = 4; lastKnownFileType = sourcecode.c.h; path = ZHCLocationMediaItem.h; sourceTree = "<group>"; };
		B714DFBF1D9CA71F00D5AAC3 /* ZHCLocationMediaItem.m */ = {isa = PBXFileReference; fileEncoding = 4; lastKnownFileType = sourcecode.c.objc; path = ZHCLocationMediaItem.m; sourceTree = "<group>"; };
		B714DFC01D9CA71F00D5AAC3 /* ZHCMediaItem.h */ = {isa = PBXFileReference; fileEncoding = 4; lastKnownFileType = sourcecode.c.h; path = ZHCMediaItem.h; sourceTree = "<group>"; };
		B714DFC11D9CA71F00D5AAC3 /* ZHCMediaItem.m */ = {isa = PBXFileReference; fileEncoding = 4; lastKnownFileType = sourcecode.c.objc; path = ZHCMediaItem.m; sourceTree = "<group>"; };
		B714DFC21D9CA71F00D5AAC3 /* ZHCMessage.h */ = {isa = PBXFileReference; fileEncoding = 4; lastKnownFileType = sourcecode.c.h; path = ZHCMessage.h; sourceTree = "<group>"; };
		B714DFC31D9CA71F00D5AAC3 /* ZHCMessage.m */ = {isa = PBXFileReference; fileEncoding = 4; lastKnownFileType = sourcecode.c.objc; path = ZHCMessage.m; sourceTree = "<group>"; };
		B714DFC41D9CA71F00D5AAC3 /* ZHCMessageAvatarImageDataSource.h */ = {isa = PBXFileReference; fileEncoding = 4; lastKnownFileType = sourcecode.c.h; path = ZHCMessageAvatarImageDataSource.h; sourceTree = "<group>"; };
		B714DFC51D9CA71F00D5AAC3 /* ZHCMessageBubbleImageDataSource.h */ = {isa = PBXFileReference; fileEncoding = 4; lastKnownFileType = sourcecode.c.h; path = ZHCMessageBubbleImageDataSource.h; sourceTree = "<group>"; };
		B714DFC61D9CA71F00D5AAC3 /* ZHCMessageData.h */ = {isa = PBXFileReference; fileEncoding = 4; lastKnownFileType = sourcecode.c.h; path = ZHCMessageData.h; sourceTree = "<group>"; };
		B714DFC71D9CA71F00D5AAC3 /* ZHCMessageMediaData.h */ = {isa = PBXFileReference; fileEncoding = 4; lastKnownFileType = sourcecode.c.h; path = ZHCMessageMediaData.h; sourceTree = "<group>"; };
		B714DFC81D9CA71F00D5AAC3 /* ZHCMessagesAvatarImage.h */ = {isa = PBXFileReference; fileEncoding = 4; lastKnownFileType = sourcecode.c.h; path = ZHCMessagesAvatarImage.h; sourceTree = "<group>"; };
		B714DFC91D9CA71F00D5AAC3 /* ZHCMessagesAvatarImage.m */ = {isa = PBXFileReference; fileEncoding = 4; lastKnownFileType = sourcecode.c.objc; path = ZHCMessagesAvatarImage.m; sourceTree = "<group>"; };
		B714DFCA1D9CA71F00D5AAC3 /* ZHCMessagesBubbleImage.h */ = {isa = PBXFileReference; fileEncoding = 4; lastKnownFileType = sourcecode.c.h; path = ZHCMessagesBubbleImage.h; sourceTree = "<group>"; };
		B714DFCB1D9CA71F00D5AAC3 /* ZHCMessagesBubbleImage.m */ = {isa = PBXFileReference; fileEncoding = 4; lastKnownFileType = sourcecode.c.objc; path = ZHCMessagesBubbleImage.m; sourceTree = "<group>"; };
		B714DFCC1D9CA71F00D5AAC3 /* ZHCMessagesTableViewDataSource.h */ = {isa = PBXFileReference; fileEncoding = 4; lastKnownFileType = sourcecode.c.h; path = ZHCMessagesTableViewDataSource.h; sourceTree = "<group>"; };
		B714DFCD1D9CA71F00D5AAC3 /* ZHCMessagesTableViewDelegate.h */ = {isa = PBXFileReference; fileEncoding = 4; lastKnownFileType = sourcecode.c.h; path = ZHCMessagesTableViewDelegate.h; sourceTree = "<group>"; };
		B714DFCE1D9CA71F00D5AAC3 /* ZHCPhotoMediaItem.h */ = {isa = PBXFileReference; fileEncoding = 4; lastKnownFileType = sourcecode.c.h; path = ZHCPhotoMediaItem.h; sourceTree = "<group>"; };
		B714DFCF1D9CA71F00D5AAC3 /* ZHCPhotoMediaItem.m */ = {isa = PBXFileReference; fileEncoding = 4; lastKnownFileType = sourcecode.c.objc; path = ZHCPhotoMediaItem.m; sourceTree = "<group>"; };
		B714DFD01D9CA71F00D5AAC3 /* ZHCVideoMediaItem.h */ = {isa = PBXFileReference; fileEncoding = 4; lastKnownFileType = sourcecode.c.h; path = ZHCVideoMediaItem.h; sourceTree = "<group>"; };
		B714DFD11D9CA71F00D5AAC3 /* ZHCVideoMediaItem.m */ = {isa = PBXFileReference; fileEncoding = 4; lastKnownFileType = sourcecode.c.objc; path = ZHCVideoMediaItem.m; sourceTree = "<group>"; };
		B714DFDA1D9CA72B00D5AAC3 /* ZHCAudioMediaViewAttributes.h */ = {isa = PBXFileReference; fileEncoding = 4; lastKnownFileType = sourcecode.c.h; path = ZHCAudioMediaViewAttributes.h; sourceTree = "<group>"; };
		B714DFDB1D9CA72B00D5AAC3 /* ZHCAudioMediaViewAttributes.m */ = {isa = PBXFileReference; fileEncoding = 4; lastKnownFileType = sourcecode.c.objc; path = ZHCAudioMediaViewAttributes.m; sourceTree = "<group>"; };
		B714DFDC1D9CA72B00D5AAC3 /* ZHCMessagesBubbleCalculator.h */ = {isa = PBXFileReference; fileEncoding = 4; lastKnownFileType = sourcecode.c.h; path = ZHCMessagesBubbleCalculator.h; sourceTree = "<group>"; };
		B714DFDD1D9CA72B00D5AAC3 /* ZHCMessagesBubbleCalculator.m */ = {isa = PBXFileReference; fileEncoding = 4; lastKnownFileType = sourcecode.c.objc; path = ZHCMessagesBubbleCalculator.m; sourceTree = "<group>"; };
		B714DFDE1D9CA72B00D5AAC3 /* ZHCMessagesTableviewLayoutAttributes.h */ = {isa = PBXFileReference; fileEncoding = 4; lastKnownFileType = sourcecode.c.h; path = ZHCMessagesTableviewLayoutAttributes.h; sourceTree = "<group>"; };
		B714DFDF1D9CA72B00D5AAC3 /* ZHCMessagesTableviewLayoutAttributes.m */ = {isa = PBXFileReference; fileEncoding = 4; lastKnownFileType = sourcecode.c.objc; path = ZHCMessagesTableviewLayoutAttributes.m; sourceTree = "<group>"; };
		B714DFE31D9CA73B00D5AAC3 /* ZHCMessagesAvatarImageFactory.h */ = {isa = PBXFileReference; fileEncoding = 4; lastKnownFileType = sourcecode.c.h; path = ZHCMessagesAvatarImageFactory.h; sourceTree = "<group>"; };
		B714DFE41D9CA73B00D5AAC3 /* ZHCMessagesAvatarImageFactory.m */ = {isa = PBXFileReference; fileEncoding = 4; lastKnownFileType = sourcecode.c.objc; path = ZHCMessagesAvatarImageFactory.m; sourceTree = "<group>"; };
		B714DFE51D9CA73B00D5AAC3 /* ZHCMessagesBubbleImageFactory.h */ = {isa = PBXFileReference; fileEncoding = 4; lastKnownFileType = sourcecode.c.h; path = ZHCMessagesBubbleImageFactory.h; sourceTree = "<group>"; };
		B714DFE61D9CA73B00D5AAC3 /* ZHCMessagesBubbleImageFactory.m */ = {isa = PBXFileReference; fileEncoding = 4; lastKnownFileType = sourcecode.c.objc; path = ZHCMessagesBubbleImageFactory.m; sourceTree = "<group>"; };
		B714DFE71D9CA73B00D5AAC3 /* ZHCMessagesEmojiFactory.h */ = {isa = PBXFileReference; fileEncoding = 4; lastKnownFileType = sourcecode.c.h; path = ZHCMessagesEmojiFactory.h; sourceTree = "<group>"; };
		B714DFE81D9CA73B00D5AAC3 /* ZHCMessagesEmojiFactory.m */ = {isa = PBXFileReference; fileEncoding = 4; lastKnownFileType = sourcecode.c.objc; path = ZHCMessagesEmojiFactory.m; sourceTree = "<group>"; };
		B714DFE91D9CA73B00D5AAC3 /* ZHCMessagesMediaViewBubbleImageMasker.h */ = {isa = PBXFileReference; fileEncoding = 4; lastKnownFileType = sourcecode.c.h; path = ZHCMessagesMediaViewBubbleImageMasker.h; sourceTree = "<group>"; };
		B714DFEA1D9CA73B00D5AAC3 /* ZHCMessagesMediaViewBubbleImageMasker.m */ = {isa = PBXFileReference; fileEncoding = 4; lastKnownFileType = sourcecode.c.objc; path = ZHCMessagesMediaViewBubbleImageMasker.m; sourceTree = "<group>"; };
		B714DFEB1D9CA73B00D5AAC3 /* ZHCMessagesTimestampFormatter.h */ = {isa = PBXFileReference; fileEncoding = 4; lastKnownFileType = sourcecode.c.h; path = ZHCMessagesTimestampFormatter.h; sourceTree = "<group>"; };
		B714DFEC1D9CA73B00D5AAC3 /* ZHCMessagesTimestampFormatter.m */ = {isa = PBXFileReference; fileEncoding = 4; lastKnownFileType = sourcecode.c.objc; path = ZHCMessagesTimestampFormatter.m; sourceTree = "<group>"; };
		B714DFED1D9CA73B00D5AAC3 /* ZHCMessagesToolbarButtonFactory.h */ = {isa = PBXFileReference; fileEncoding = 4; lastKnownFileType = sourcecode.c.h; path = ZHCMessagesToolbarButtonFactory.h; sourceTree = "<group>"; };
		B714DFEE1D9CA73B00D5AAC3 /* ZHCMessagesToolbarButtonFactory.m */ = {isa = PBXFileReference; fileEncoding = 4; lastKnownFileType = sourcecode.c.objc; path = ZHCMessagesToolbarButtonFactory.m; sourceTree = "<group>"; };
		B714DFF71D9CAF7900D5AAC3 /* GYModelData.swift */ = {isa = PBXFileReference; fileEncoding = 4; lastKnownFileType = sourcecode.swift; path = GYModelData.swift; sourceTree = "<group>"; };
		B714DFF91D9CB13700D5AAC3 /* ZHCModelData.h */ = {isa = PBXFileReference; fileEncoding = 4; lastKnownFileType = sourcecode.c.h; path = ZHCModelData.h; sourceTree = "<group>"; };
		B714DFFA1D9CB13700D5AAC3 /* ZHCModelData.m */ = {isa = PBXFileReference; fileEncoding = 4; lastKnownFileType = sourcecode.c.objc; path = ZHCModelData.m; sourceTree = "<group>"; };
		B714DFFB1D9CB13700D5AAC3 /* ZHUseFDModel.h */ = {isa = PBXFileReference; fileEncoding = 4; lastKnownFileType = sourcecode.c.h; path = ZHUseFDModel.h; sourceTree = "<group>"; };
		B714DFFC1D9CB13700D5AAC3 /* ZHUseFDModel.m */ = {isa = PBXFileReference; fileEncoding = 4; lastKnownFileType = sourcecode.c.objc; path = ZHUseFDModel.m; sourceTree = "<group>"; };
		B714DFFF1D9CD50700D5AAC3 /* data.json */ = {isa = PBXFileReference; fileEncoding = 4; lastKnownFileType = text.json; path = data.json; sourceTree = "<group>"; };
		B7725CFD1D9DF8FF0047AC6F /* BDImagePicker.h */ = {isa = PBXFileReference; fileEncoding = 4; lastKnownFileType = sourcecode.c.h; path = BDImagePicker.h; sourceTree = "<group>"; };
		B7725CFE1D9DF8FF0047AC6F /* BDImagePicker.m */ = {isa = PBXFileReference; fileEncoding = 4; lastKnownFileType = sourcecode.c.objc; path = BDImagePicker.m; sourceTree = "<group>"; };
		B779687C1D9E4B4C0046AD66 /* UUImageAvatarBrowser.h */ = {isa = PBXFileReference; fileEncoding = 4; lastKnownFileType = sourcecode.c.h; path = UUImageAvatarBrowser.h; sourceTree = "<group>"; };
		B779687D1D9E4B4C0046AD66 /* UUImageAvatarBrowser.m */ = {isa = PBXFileReference; fileEncoding = 4; lastKnownFileType = sourcecode.c.objc; path = UUImageAvatarBrowser.m; sourceTree = "<group>"; };
		B7E4E6B01DACB4B300B82774 /* MyInfoCell.swift */ = {isa = PBXFileReference; fileEncoding = 4; lastKnownFileType = sourcecode.swift; path = MyInfoCell.swift; sourceTree = "<group>"; };
		B7E4E6B11DACB4B300B82774 /* MyInfoCell.xib */ = {isa = PBXFileReference; fileEncoding = 4; lastKnownFileType = file.xib; path = MyInfoCell.xib; sourceTree = "<group>"; };
		DBB08E966F838D15B4582606 /* Pods-OzneriFamily.release.xcconfig */ = {isa = PBXFileReference; includeInIndex = 1; lastKnownFileType = text.xcconfig; name = "Pods-OzneriFamily.release.xcconfig"; path = "Pods/Target Support Files/Pods-OzneriFamily/Pods-OzneriFamily.release.xcconfig"; sourceTree = "<group>"; };
/* End PBXFileReference section */

/* Begin PBXFrameworksBuildPhase section */
		8D1EF3811D93DE050009D034 /* Frameworks */ = {
			isa = PBXFrameworksBuildPhase;
			buildActionMask = 2147483647;
			files = (
				7CDB997D1525E441934F76FD /* Pods_OzneriFamily.framework in Frameworks */,
				8DAE80601D9A0CB200A9946F /* AFNetworking.framework in Frameworks */,
				8DAE80621D9A0CB200A9946F /* SwiftyJSON.framework in Frameworks */,
			);
			runOnlyForDeploymentPostprocessing = 0;
		};
		8D1EF3971D93DE050009D034 /* Frameworks */ = {
			isa = PBXFrameworksBuildPhase;
			buildActionMask = 2147483647;
			files = (
			);
			runOnlyForDeploymentPostprocessing = 0;
		};
		8D1EF3A21D93DE050009D034 /* Frameworks */ = {
			isa = PBXFrameworksBuildPhase;
			buildActionMask = 2147483647;
			files = (
			);
			runOnlyForDeploymentPostprocessing = 0;
		};
/* End PBXFrameworksBuildPhase section */

/* Begin PBXGroup section */
		0D492B49FFB41FDF0B468135 /* Pods */ = {
			isa = PBXGroup;
			children = (
				9C704BF1A0D2ADD5B7874B6A /* Pods-OzneriFamily.debug.xcconfig */,
				DBB08E966F838D15B4582606 /* Pods-OzneriFamily.release.xcconfig */,
			);
			name = Pods;
			sourceTree = "<group>";
		};
		2DE76852156050BD045D7EB8 /* Frameworks */ = {
			isa = PBXGroup;
			children = (
				3FF38EB9A5D6D0B8FCEAAC12 /* Pods_OzneriFamily.framework */,
			);
			name = Frameworks;
			sourceTree = "<group>";
		};
		8D10ECED1D98BC5B001BAC77 /* DataBase */ = {
			isa = PBXGroup;
			children = (
			);
			path = DataBase;
			sourceTree = "<group>";
		};
		8D10ECEE1D98BC5B001BAC77 /* Networking */ = {
			isa = PBXGroup;
			children = (
				8D2666E51D98F08C0028CB33 /* NetworkManager.swift */,
			);
			path = Networking;
			sourceTree = "<group>";
		};
		8D1EF37B1D93DE050009D034 = {
			isa = PBXGroup;
			children = (
				8DAE805E1D9A0CB200A9946F /* AFNetworking.framework */,
				8DAE805F1D9A0CB200A9946F /* SwiftyJSON.framework */,
				8D1EF3B71D93DED50009D034 /* OzneriFamily-Bridging-Header.h */,
				8D1EF3BB1D93DFE30009D034 /* ToolHelper */,
				8D1EF3861D93DE050009D034 /* OzneriFamily */,
				8D1EF39D1D93DE050009D034 /* OzneriFamilyTests */,
				8D1EF3A81D93DE050009D034 /* OzneriFamilyUITests */,
				8D1EF3851D93DE050009D034 /* Products */,
				0D492B49FFB41FDF0B468135 /* Pods */,
				2DE76852156050BD045D7EB8 /* Frameworks */,
			);
			sourceTree = "<group>";
		};
		8D1EF3851D93DE050009D034 /* Products */ = {
			isa = PBXGroup;
			children = (
				8D1EF3841D93DE050009D034 /* OzneriFamily.app */,
				8D1EF39A1D93DE050009D034 /* OzneriFamilyTests.xctest */,
				8D1EF3A51D93DE050009D034 /* OzneriFamilyUITests.xctest */,
			);
			name = Products;
			sourceTree = "<group>";
		};
		8D1EF3861D93DE050009D034 /* OzneriFamily */ = {
			isa = PBXGroup;
			children = (
				8D1EF3871D93DE050009D034 /* AppDelegate.swift */,
				8D1EF3C41D93F01F0009D034 /* MainTabBarController.swift */,
				8D1EF3951D93DE050009D034 /* Info.plist */,
				8D92F66D1D9534400068A40A /* LeftMenu */,
				8D1EF3BD1D93E1670009D034 /* Login+Register+Guiding */,
				8D1EF3C21D93E3F20009D034 /* MyDevices */,
				8D1EF3C31D93E3F20009D034 /* WebShop */,
				8D1EF3C01D93E3F20009D034 /* Counseling */,
				8D1EF3C11D93E3F20009D034 /* MyCenter */,
				8D1EF3BC1D93E1670009D034 /* Images */,
			);
			path = OzneriFamily;
			sourceTree = "<group>";
		};
		8D1EF39D1D93DE050009D034 /* OzneriFamilyTests */ = {
			isa = PBXGroup;
			children = (
				8D1EF39E1D93DE050009D034 /* OzneriFamilyTests.swift */,
				8D1EF3A01D93DE050009D034 /* Info.plist */,
			);
			path = OzneriFamilyTests;
			sourceTree = "<group>";
		};
		8D1EF3A81D93DE050009D034 /* OzneriFamilyUITests */ = {
			isa = PBXGroup;
			children = (
				8D1EF3A91D93DE050009D034 /* OzneriFamilyUITests.swift */,
				8D1EF3AB1D93DE050009D034 /* Info.plist */,
			);
			path = OzneriFamilyUITests;
			sourceTree = "<group>";
		};
		8D1EF3BB1D93DFE30009D034 /* ToolHelper */ = {
			isa = PBXGroup;
			children = (
				8D10ECED1D98BC5B001BAC77 /* DataBase */,
				8D10ECEE1D98BC5B001BAC77 /* Networking */,
				8D92F64E1D94F64F0068A40A /* Other */,
			);
			path = ToolHelper;
			sourceTree = "<group>";
		};
		8D1EF3BC1D93E1670009D034 /* Images */ = {
			isa = PBXGroup;
			children = (
				8DF78D601D94DBEB002C4202 /* Assets.xcassets */,
			);
			path = Images;
			sourceTree = "<group>";
		};
		8D1EF3BD1D93E1670009D034 /* Login+Register+Guiding */ = {
			isa = PBXGroup;
			children = (
			);
			path = "Login+Register+Guiding";
			sourceTree = "<group>";
		};
		8D1EF3C01D93E3F20009D034 /* Counseling */ = {
			isa = PBXGroup;
			children = (
				B714DFF51D9CA88200D5AAC3 /* Model */,
				B714DFF61D9CA88200D5AAC3 /* View */,
				B714DEEF1D9BA9EE00D5AAC3 /* Chat */,
				8D92F65B1D94FAE40068A40A /* CounselingController.swift */,
			);
			path = Counseling;
			sourceTree = "<group>";
		};
		8D1EF3C11D93E3F20009D034 /* MyCenter */ = {
			isa = PBXGroup;
			children = (
				B7148BDD1DAC853F002CA348 /* Controller */,
				B7148BDE1DAC853F002CA348 /* View */,
				8D92F6511D94F8480068A40A /* MyCenter.storyboard */,
				8D92F6531D94F9670068A40A /* MyCenterController.swift */,
			);
			path = MyCenter;
			sourceTree = "<group>";
		};
		8D1EF3C21D93E3F20009D034 /* MyDevices */ = {
			isa = PBXGroup;
			children = (
				8D92F6571D94FAB00068A40A /* MyDevicesController.swift */,
				8D92F6591D94FAC70068A40A /* MyDevices.storyboard */,
			);
			path = MyDevices;
			sourceTree = "<group>";
		};
		8D1EF3C31D93E3F20009D034 /* WebShop */ = {
			isa = PBXGroup;
			children = (
				8D92F6551D94FA700068A40A /* WebShopController.swift */,
			);
			path = WebShop;
			sourceTree = "<group>";
		};
		8D92F64E1D94F64F0068A40A /* Other */ = {
			isa = PBXGroup;
			children = (
				8D92F64F1D94F6850068A40A /* LanguageHelper.swift */,
				8D92F65D1D9510450068A40A /* GloabConfig.swift */,
				8D92F6631D95252E0068A40A /* Localizable.strings */,
				8D92F66A1D9526460068A40A /* InfoPlist.strings */,
			);
			path = Other;
			sourceTree = "<group>";
		};
		8D92F66D1D9534400068A40A /* LeftMenu */ = {
			isa = PBXGroup;
			children = (
				8DAE80681D9A600900A9946F /* View */,
				8DAE80521D9A097800A9946F /* Source */,
				8D92F66E1D95346E0068A40A /* LeftMenuController.swift */,
				8D92F6701D9534890068A40A /* LeftMenu.storyboard */,
				8DAE80711D9A85EC00A9946F /* SelectDeviceTableController.swift */,
			);
			path = LeftMenu;
			sourceTree = "<group>";
		};
		8DAE80521D9A097800A9946F /* Source */ = {
			isa = PBXGroup;
			children = (
				8DAE80531D9A097800A9946F /* Info.plist */,
				8DAE80541D9A097800A9946F /* SlideMenuController.swift */,
				8DAE80551D9A097800A9946F /* SlideMenuControllerSwift.h */,
			);
			path = Source;
			sourceTree = "<group>";
		};
		8DAE80681D9A600900A9946F /* View */ = {
			isa = PBXGroup;
			children = (
				8DAE80691D9A600900A9946F /* LeftMenuDeviceCell.swift */,
				8DAE806A1D9A600900A9946F /* LeftMenuDeviceCell.xib */,
			);
			path = View;
			sourceTree = "<group>";
		};
		B7148BDD1DAC853F002CA348 /* Controller */ = {
			isa = PBXGroup;
			children = (
			);
			path = Controller;
			sourceTree = "<group>";
		};
		B7148BDE1DAC853F002CA348 /* View */ = {
			isa = PBXGroup;
			children = (
				B7148BDF1DAC8561002CA348 /* MyInfoHeadView.swift */,
				B7148BE11DAC8577002CA348 /* MyInfoHeadView.xib */,
				B7E4E6B01DACB4B300B82774 /* MyInfoCell.swift */,
				B7E4E6B11DACB4B300B82774 /* MyInfoCell.xib */,
			);
			path = View;
			sourceTree = "<group>";
		};
		B714DEEF1D9BA9EE00D5AAC3 /* Chat */ = {
			isa = PBXGroup;
			children = (
				B7725CFC1D9DF8F20047AC6F /* Carmer */,
				B714DEF01D9BA9EE00D5AAC3 /* Assets */,
				B714DEF21D9BA9EE00D5AAC3 /* Categories */,
				B714DF011D9BA9EE00D5AAC3 /* Common */,
				B714DF041D9BA9EE00D5AAC3 /* Controllers */,
				B714DF081D9BA9EE00D5AAC3 /* Factories */,
				B714DF151D9BA9EE00D5AAC3 /* Layout */,
				B714DF1C1D9BA9EE00D5AAC3 /* Models */,
				B714DF331D9BA9EE00D5AAC3 /* Tool */,
				B714DF381D9BA9EE00D5AAC3 /* Views */,
			);
			path = Chat;
			sourceTree = "<group>";
		};
		B714DEF01D9BA9EE00D5AAC3 /* Assets */ = {
			isa = PBXGroup;
			children = (
				B714DEF11D9BA9EE00D5AAC3 /* ZHCMessagesAssets.bundle */,
			);
			path = Assets;
			sourceTree = "<group>";
		};
		B714DEF21D9BA9EE00D5AAC3 /* Categories */ = {
			isa = PBXGroup;
			children = (
				B714DEF31D9BA9EE00D5AAC3 /* NSArray+ZHCMessages.h */,
				B714DEF41D9BA9EE00D5AAC3 /* NSArray+ZHCMessages.m */,
				B714DEF51D9BA9EE00D5AAC3 /* NSBundle+ZHCMessages.h */,
				B714DEF61D9BA9EE00D5AAC3 /* NSBundle+ZHCMessages.m */,
				B714DEF71D9BA9EE00D5AAC3 /* NSString+Emoji.h */,
				B714DEF81D9BA9EE00D5AAC3 /* NSString+Emoji.m */,
				B714DEF91D9BA9EE00D5AAC3 /* NSString+ZHCMessages.h */,
				B714DEFA1D9BA9EE00D5AAC3 /* NSString+ZHCMessages.m */,
				B714DEFB1D9BA9EE00D5AAC3 /* UIColor+ZHCMessages.h */,
				B714DEFC1D9BA9EE00D5AAC3 /* UIColor+ZHCMessages.m */,
				B714DEFD1D9BA9EE00D5AAC3 /* UIImage+ZHCMessages.h */,
				B714DEFE1D9BA9EE00D5AAC3 /* UIImage+ZHCMessages.m */,
				B714DEFF1D9BA9EE00D5AAC3 /* UIView+ZHCMessages.h */,
				B714DF001D9BA9EE00D5AAC3 /* UIView+ZHCMessages.m */,
			);
			path = Categories;
			sourceTree = "<group>";
		};
		B714DF011D9BA9EE00D5AAC3 /* Common */ = {
			isa = PBXGroup;
			children = (
				B714DF021D9BA9EE00D5AAC3 /* ZHCMessages.h */,
				B714DF031D9BA9EE00D5AAC3 /* ZHCMessagesCommonParameter.h */,
			);
			path = Common;
			sourceTree = "<group>";
		};
		B714DF041D9BA9EE00D5AAC3 /* Controllers */ = {
			isa = PBXGroup;
			children = (
				B714DF051D9BA9EE00D5AAC3 /* ZHCMessagesViewController.h */,
				B714DF061D9BA9EE00D5AAC3 /* ZHCMessagesViewController.m */,
				B714DF071D9BA9EE00D5AAC3 /* ZHCMessagesViewController.xib */,
			);
			path = Controllers;
			sourceTree = "<group>";
		};
		B714DF081D9BA9EE00D5AAC3 /* Factories */ = {
			isa = PBXGroup;
			children = (
				B714DFE31D9CA73B00D5AAC3 /* ZHCMessagesAvatarImageFactory.h */,
				B714DFE41D9CA73B00D5AAC3 /* ZHCMessagesAvatarImageFactory.m */,
				B714DFE51D9CA73B00D5AAC3 /* ZHCMessagesBubbleImageFactory.h */,
				B714DFE61D9CA73B00D5AAC3 /* ZHCMessagesBubbleImageFactory.m */,
				B714DFE71D9CA73B00D5AAC3 /* ZHCMessagesEmojiFactory.h */,
				B714DFE81D9CA73B00D5AAC3 /* ZHCMessagesEmojiFactory.m */,
				B714DFE91D9CA73B00D5AAC3 /* ZHCMessagesMediaViewBubbleImageMasker.h */,
				B714DFEA1D9CA73B00D5AAC3 /* ZHCMessagesMediaViewBubbleImageMasker.m */,
				B714DFEB1D9CA73B00D5AAC3 /* ZHCMessagesTimestampFormatter.h */,
				B714DFEC1D9CA73B00D5AAC3 /* ZHCMessagesTimestampFormatter.m */,
				B714DFED1D9CA73B00D5AAC3 /* ZHCMessagesToolbarButtonFactory.h */,
				B714DFEE1D9CA73B00D5AAC3 /* ZHCMessagesToolbarButtonFactory.m */,
			);
			path = Factories;
			sourceTree = "<group>";
		};
		B714DF151D9BA9EE00D5AAC3 /* Layout */ = {
			isa = PBXGroup;
			children = (
				B714DFDA1D9CA72B00D5AAC3 /* ZHCAudioMediaViewAttributes.h */,
				B714DFDB1D9CA72B00D5AAC3 /* ZHCAudioMediaViewAttributes.m */,
				B714DFDC1D9CA72B00D5AAC3 /* ZHCMessagesBubbleCalculator.h */,
				B714DFDD1D9CA72B00D5AAC3 /* ZHCMessagesBubbleCalculator.m */,
				B714DFDE1D9CA72B00D5AAC3 /* ZHCMessagesTableviewLayoutAttributes.h */,
				B714DFDF1D9CA72B00D5AAC3 /* ZHCMessagesTableviewLayoutAttributes.m */,
			);
			path = Layout;
			sourceTree = "<group>";
		};
		B714DF1C1D9BA9EE00D5AAC3 /* Models */ = {
			isa = PBXGroup;
			children = (
				B714DFBC1D9CA71F00D5AAC3 /* ZHCAudioMediaItem.h */,
				B714DFBD1D9CA71F00D5AAC3 /* ZHCAudioMediaItem.m */,
				B714DFBE1D9CA71F00D5AAC3 /* ZHCLocationMediaItem.h */,
				B714DFBF1D9CA71F00D5AAC3 /* ZHCLocationMediaItem.m */,
				B714DFC01D9CA71F00D5AAC3 /* ZHCMediaItem.h */,
				B714DFC11D9CA71F00D5AAC3 /* ZHCMediaItem.m */,
				B714DFC21D9CA71F00D5AAC3 /* ZHCMessage.h */,
				B714DFC31D9CA71F00D5AAC3 /* ZHCMessage.m */,
				B714DFC41D9CA71F00D5AAC3 /* ZHCMessageAvatarImageDataSource.h */,
				B714DFC51D9CA71F00D5AAC3 /* ZHCMessageBubbleImageDataSource.h */,
				B714DFC61D9CA71F00D5AAC3 /* ZHCMessageData.h */,
				B714DFC71D9CA71F00D5AAC3 /* ZHCMessageMediaData.h */,
				B714DFC81D9CA71F00D5AAC3 /* ZHCMessagesAvatarImage.h */,
				B714DFC91D9CA71F00D5AAC3 /* ZHCMessagesAvatarImage.m */,
				B714DFCA1D9CA71F00D5AAC3 /* ZHCMessagesBubbleImage.h */,
				B714DFCB1D9CA71F00D5AAC3 /* ZHCMessagesBubbleImage.m */,
				B714DFCC1D9CA71F00D5AAC3 /* ZHCMessagesTableViewDataSource.h */,
				B714DFCD1D9CA71F00D5AAC3 /* ZHCMessagesTableViewDelegate.h */,
				B714DFCE1D9CA71F00D5AAC3 /* ZHCPhotoMediaItem.h */,
				B714DFCF1D9CA71F00D5AAC3 /* ZHCPhotoMediaItem.m */,
				B714DFD01D9CA71F00D5AAC3 /* ZHCVideoMediaItem.h */,
				B714DFD11D9CA71F00D5AAC3 /* ZHCVideoMediaItem.m */,
			);
			path = Models;
			sourceTree = "<group>";
		};
		B714DF331D9BA9EE00D5AAC3 /* Tool */ = {
			isa = PBXGroup;
			children = (
				B714DFB61D9CA71100D5AAC3 /* ZHCMessagesAudioPlayer.h */,
				B714DFB71D9CA71100D5AAC3 /* ZHCMessagesAudioPlayer.m */,
				B714DFB81D9CA71100D5AAC3 /* ZHCMessagesVoiceRecorder.h */,
				B714DFB91D9CA71100D5AAC3 /* ZHCMessagesVoiceRecorder.m */,
			);
			path = Tool;
			sourceTree = "<group>";
		};
		B714DF381D9BA9EE00D5AAC3 /* Views */ = {
			isa = PBXGroup;
			children = (
				B714DF861D9CA6FA00D5AAC3 /* ZHCMessagesAudioProgressHUD.h */,
				B714DF871D9CA6FA00D5AAC3 /* ZHCMessagesAudioProgressHUD.m */,
				B714DF881D9CA6FA00D5AAC3 /* ZHCMessagesCellTextView.h */,
				B714DF891D9CA6FA00D5AAC3 /* ZHCMessagesCellTextView.m */,
				B714DF8A1D9CA6FA00D5AAC3 /* ZHCMessagesComposerTextView.h */,
				B714DF8B1D9CA6FA00D5AAC3 /* ZHCMessagesComposerTextView.m */,
				B714DF8C1D9CA6FA00D5AAC3 /* ZHCMessagesEmojiView.h */,
				B714DF8D1D9CA6FA00D5AAC3 /* ZHCMessagesEmojiView.m */,
				B714DF8E1D9CA6FA00D5AAC3 /* ZHCMessagesInputToolbar.h */,
				B714DF8F1D9CA6FA00D5AAC3 /* ZHCMessagesInputToolbar.m */,
				B714DF901D9CA6FA00D5AAC3 /* ZHCMessagesLabel.h */,
				B714DF911D9CA6FA00D5AAC3 /* ZHCMessagesLabel.m */,
				B714DF921D9CA6FA00D5AAC3 /* ZHCMessagesMediaPlaceholderView.h */,
				B714DF931D9CA6FA00D5AAC3 /* ZHCMessagesMediaPlaceholderView.m */,
				B714DF941D9CA6FA00D5AAC3 /* ZHCMessagesMoreItem.h */,
				B714DF951D9CA6FA00D5AAC3 /* ZHCMessagesMoreItem.m */,
				B714DF961D9CA6FA00D5AAC3 /* ZHCMessagesMoreView.h */,
				B714DF971D9CA6FA00D5AAC3 /* ZHCMessagesMoreView.m */,
				B714DF981D9CA6FA00D5AAC3 /* ZHCMessagesTableView.h */,
				B714DF991D9CA6FA00D5AAC3 /* ZHCMessagesTableView.m */,
				B714DF9A1D9CA6FA00D5AAC3 /* ZHCMessagesTableViewCell.h */,
				B714DF9B1D9CA6FA00D5AAC3 /* ZHCMessagesTableViewCell.m */,
				B714DF9C1D9CA6FA00D5AAC3 /* ZHCMessagesTableViewCellIncoming.h */,
				B714DF9D1D9CA6FA00D5AAC3 /* ZHCMessagesTableViewCellIncoming.m */,
				B714DF9E1D9CA6FA00D5AAC3 /* ZHCMessagesTableViewCellIncoming.xib */,
				B714DF9F1D9CA6FA00D5AAC3 /* ZHCMessagesTableViewCellOutcoming.h */,
				B714DFA01D9CA6FA00D5AAC3 /* ZHCMessagesTableViewCellOutcoming.m */,
				B714DFA11D9CA6FA00D5AAC3 /* ZHCMessagesTableViewCellOutcoming.xib */,
				B714DFA21D9CA6FA00D5AAC3 /* ZHCMessagesToolbarContentView.h */,
				B714DFA31D9CA6FA00D5AAC3 /* ZHCMessagesToolbarContentView.m */,
				B714DFA41D9CA6FA00D5AAC3 /* ZHCMessagesToolbarContentView.xib */,
			);
			path = Views;
			sourceTree = "<group>";
		};
		B714DFF51D9CA88200D5AAC3 /* Model */ = {
			isa = PBXGroup;
			children = (
				B714DFFF1D9CD50700D5AAC3 /* data.json */,
				B714DFF91D9CB13700D5AAC3 /* ZHCModelData.h */,
				B714DFFA1D9CB13700D5AAC3 /* ZHCModelData.m */,
				B714DFFB1D9CB13700D5AAC3 /* ZHUseFDModel.h */,
				B714DFFC1D9CB13700D5AAC3 /* ZHUseFDModel.m */,
				B714DFF71D9CAF7900D5AAC3 /* GYModelData.swift */,
			);
			path = Model;
			sourceTree = "<group>";
		};
		B714DFF61D9CA88200D5AAC3 /* View */ = {
			isa = PBXGroup;
			children = (
			);
			path = View;
			sourceTree = "<group>";
		};
		B7725CFC1D9DF8F20047AC6F /* Carmer */ = {
			isa = PBXGroup;
			children = (
				B779687C1D9E4B4C0046AD66 /* UUImageAvatarBrowser.h */,
				B779687D1D9E4B4C0046AD66 /* UUImageAvatarBrowser.m */,
				B7725CFD1D9DF8FF0047AC6F /* BDImagePicker.h */,
				B7725CFE1D9DF8FF0047AC6F /* BDImagePicker.m */,
			);
			path = Carmer;
			sourceTree = "<group>";
		};
/* End PBXGroup section */

/* Begin PBXNativeTarget section */
		8D1EF3831D93DE050009D034 /* OzneriFamily */ = {
			isa = PBXNativeTarget;
			buildConfigurationList = 8D1EF3AE1D93DE050009D034 /* Build configuration list for PBXNativeTarget "OzneriFamily" */;
			buildPhases = (
				A2BA87CED2A9DDCC1938133B /* [CP] Check Pods Manifest.lock */,
				8D1EF3801D93DE050009D034 /* Sources */,
				8D1EF3811D93DE050009D034 /* Frameworks */,
				8D1EF3821D93DE050009D034 /* Resources */,
				AEDD493328CB7EEBAEF26257 /* [CP] Embed Pods Frameworks */,
				0F1665DC02AFC89ACBB05DF2 /* [CP] Copy Pods Resources */,
				8D2666E01D98EE590028CB33 /* Embed Frameworks */,
			);
			buildRules = (
			);
			dependencies = (
			);
			name = OzneriFamily;
			productName = OzneriFamily;
			productReference = 8D1EF3841D93DE050009D034 /* OzneriFamily.app */;
			productType = "com.apple.product-type.application";
		};
		8D1EF3991D93DE050009D034 /* OzneriFamilyTests */ = {
			isa = PBXNativeTarget;
			buildConfigurationList = 8D1EF3B11D93DE050009D034 /* Build configuration list for PBXNativeTarget "OzneriFamilyTests" */;
			buildPhases = (
				8D1EF3961D93DE050009D034 /* Sources */,
				8D1EF3971D93DE050009D034 /* Frameworks */,
				8D1EF3981D93DE050009D034 /* Resources */,
			);
			buildRules = (
			);
			dependencies = (
				8D1EF39C1D93DE050009D034 /* PBXTargetDependency */,
			);
			name = OzneriFamilyTests;
			productName = OzneriFamilyTests;
			productReference = 8D1EF39A1D93DE050009D034 /* OzneriFamilyTests.xctest */;
			productType = "com.apple.product-type.bundle.unit-test";
		};
		8D1EF3A41D93DE050009D034 /* OzneriFamilyUITests */ = {
			isa = PBXNativeTarget;
			buildConfigurationList = 8D1EF3B41D93DE050009D034 /* Build configuration list for PBXNativeTarget "OzneriFamilyUITests" */;
			buildPhases = (
				8D1EF3A11D93DE050009D034 /* Sources */,
				8D1EF3A21D93DE050009D034 /* Frameworks */,
				8D1EF3A31D93DE050009D034 /* Resources */,
			);
			buildRules = (
			);
			dependencies = (
				8D1EF3A71D93DE050009D034 /* PBXTargetDependency */,
			);
			name = OzneriFamilyUITests;
			productName = OzneriFamilyUITests;
			productReference = 8D1EF3A51D93DE050009D034 /* OzneriFamilyUITests.xctest */;
			productType = "com.apple.product-type.bundle.ui-testing";
		};
/* End PBXNativeTarget section */

/* Begin PBXProject section */
		8D1EF37C1D93DE050009D034 /* Project object */ = {
			isa = PBXProject;
			attributes = {
				LastSwiftUpdateCheck = 0800;
				LastUpgradeCheck = 0800;
				ORGANIZATIONNAME = net.ozner;
				TargetAttributes = {
					8D1EF3831D93DE050009D034 = {
						CreatedOnToolsVersion = 8.0;
						DevelopmentTeam = UZZG6NM74T;
						LastSwiftMigration = 0800;
						ProvisioningStyle = Automatic;
					};
					8D1EF3991D93DE050009D034 = {
						CreatedOnToolsVersion = 8.0;
						DevelopmentTeam = UZZG6NM74T;
						ProvisioningStyle = Automatic;
						TestTargetID = 8D1EF3831D93DE050009D034;
					};
					8D1EF3A41D93DE050009D034 = {
						CreatedOnToolsVersion = 8.0;
						DevelopmentTeam = UZZG6NM74T;
						ProvisioningStyle = Automatic;
						TestTargetID = 8D1EF3831D93DE050009D034;
					};
				};
			};
			buildConfigurationList = 8D1EF37F1D93DE050009D034 /* Build configuration list for PBXProject "OzneriFamily" */;
			compatibilityVersion = "Xcode 3.2";
			developmentRegion = English;
			hasScannedForEncodings = 0;
			knownRegions = (
				en,
				Base,
				"zh-Hans",
			);
			mainGroup = 8D1EF37B1D93DE050009D034;
			productRefGroup = 8D1EF3851D93DE050009D034 /* Products */;
			projectDirPath = "";
			projectRoot = "";
			targets = (
				8D1EF3831D93DE050009D034 /* OzneriFamily */,
				8D1EF3991D93DE050009D034 /* OzneriFamilyTests */,
				8D1EF3A41D93DE050009D034 /* OzneriFamilyUITests */,
			);
		};
/* End PBXProject section */

/* Begin PBXResourcesBuildPhase section */
		8D1EF3821D93DE050009D034 /* Resources */ = {
			isa = PBXResourcesBuildPhase;
			buildActionMask = 2147483647;
			files = (
				8DF78D611D94DBEB002C4202 /* Assets.xcassets in Resources */,
				B7E4E6B31DACB4B300B82774 /* MyInfoCell.xib in Resources */,
				B714E0001D9CD50700D5AAC3 /* data.json in Resources */,
				8D92F6611D95252E0068A40A /* Localizable.strings in Resources */,
				8D92F65A1D94FAC70068A40A /* MyDevices.storyboard in Resources */,
				B714DFB31D9CA6FA00D5AAC3 /* ZHCMessagesTableViewCellOutcoming.xib in Resources */,
				8D92F6521D94F8480068A40A /* MyCenter.storyboard in Resources */,
				B714DFB51D9CA6FA00D5AAC3 /* ZHCMessagesToolbarContentView.xib in Resources */,
				B7148BE21DAC8577002CA348 /* MyInfoHeadView.xib in Resources */,
				8D92F6711D9534890068A40A /* LeftMenu.storyboard in Resources */,
				8D92F6681D9526460068A40A /* InfoPlist.strings in Resources */,
				B714DF611D9BA9EE00D5AAC3 /* ZHCMessagesViewController.xib in Resources */,
				8DAE80561D9A097800A9946F /* Info.plist in Resources */,
				B714DFB11D9CA6FA00D5AAC3 /* ZHCMessagesTableViewCellIncoming.xib in Resources */,
				8DAE806C1D9A600900A9946F /* LeftMenuDeviceCell.xib in Resources */,
				B714DF581D9BA9EE00D5AAC3 /* ZHCMessagesAssets.bundle in Resources */,
			);
			runOnlyForDeploymentPostprocessing = 0;
		};
		8D1EF3981D93DE050009D034 /* Resources */ = {
			isa = PBXResourcesBuildPhase;
			buildActionMask = 2147483647;
			files = (
			);
			runOnlyForDeploymentPostprocessing = 0;
		};
		8D1EF3A31D93DE050009D034 /* Resources */ = {
			isa = PBXResourcesBuildPhase;
			buildActionMask = 2147483647;
			files = (
			);
			runOnlyForDeploymentPostprocessing = 0;
		};
/* End PBXResourcesBuildPhase section */

/* Begin PBXShellScriptBuildPhase section */
		0F1665DC02AFC89ACBB05DF2 /* [CP] Copy Pods Resources */ = {
			isa = PBXShellScriptBuildPhase;
			buildActionMask = 2147483647;
			files = (
			);
			inputPaths = (
			);
			name = "[CP] Copy Pods Resources";
			outputPaths = (
			);
			runOnlyForDeploymentPostprocessing = 0;
			shellPath = /bin/sh;
			shellScript = "\"${SRCROOT}/Pods/Target Support Files/Pods-OzneriFamily/Pods-OzneriFamily-resources.sh\"\n";
			showEnvVarsInLog = 0;
		};
		A2BA87CED2A9DDCC1938133B /* [CP] Check Pods Manifest.lock */ = {
			isa = PBXShellScriptBuildPhase;
			buildActionMask = 2147483647;
			files = (
			);
			inputPaths = (
			);
			name = "[CP] Check Pods Manifest.lock";
			outputPaths = (
			);
			runOnlyForDeploymentPostprocessing = 0;
			shellPath = /bin/sh;
			shellScript = "diff \"${PODS_ROOT}/../Podfile.lock\" \"${PODS_ROOT}/Manifest.lock\" > /dev/null\nif [ $? != 0 ] ; then\n    # print error to STDERR\n    echo \"error: The sandbox is not in sync with the Podfile.lock. Run 'pod install' or update your CocoaPods installation.\" >&2\n    exit 1\nfi\n";
			showEnvVarsInLog = 0;
		};
		AEDD493328CB7EEBAEF26257 /* [CP] Embed Pods Frameworks */ = {
			isa = PBXShellScriptBuildPhase;
			buildActionMask = 2147483647;
			files = (
			);
			inputPaths = (
			);
			name = "[CP] Embed Pods Frameworks";
			outputPaths = (
			);
			runOnlyForDeploymentPostprocessing = 0;
			shellPath = /bin/sh;
			shellScript = "\"${SRCROOT}/Pods/Target Support Files/Pods-OzneriFamily/Pods-OzneriFamily-frameworks.sh\"\n";
			showEnvVarsInLog = 0;
		};
/* End PBXShellScriptBuildPhase section */

/* Begin PBXSourcesBuildPhase section */
		8D1EF3801D93DE050009D034 /* Sources */ = {
			isa = PBXSourcesBuildPhase;
			buildActionMask = 2147483647;
			files = (
				B714DFA91D9CA6FA00D5AAC3 /* ZHCMessagesInputToolbar.m in Sources */,
				8D92F6561D94FA700068A40A /* WebShopController.swift in Sources */,
				8D1EF3881D93DE050009D034 /* AppDelegate.swift in Sources */,
				B714DF5B1D9BA9EE00D5AAC3 /* NSString+Emoji.m in Sources */,
				8D2666E61D98F08C0028CB33 /* NetworkManager.swift in Sources */,
				8DAE80721D9A85EC00A9946F /* SelectDeviceTableController.swift in Sources */,
				B7148BE01DAC8561002CA348 /* MyInfoHeadView.swift in Sources */,
				B714DFB41D9CA6FA00D5AAC3 /* ZHCMessagesToolbarContentView.m in Sources */,
				B714DFE01D9CA72B00D5AAC3 /* ZHCAudioMediaViewAttributes.m in Sources */,
				B714DFE11D9CA72B00D5AAC3 /* ZHCMessagesBubbleCalculator.m in Sources */,
				8D92F6501D94F6850068A40A /* LanguageHelper.swift in Sources */,
				B714DFF41D9CA73B00D5AAC3 /* ZHCMessagesToolbarButtonFactory.m in Sources */,
				8D92F65C1D94FAE40068A40A /* CounselingController.swift in Sources */,
				B714DF5D1D9BA9EE00D5AAC3 /* UIColor+ZHCMessages.m in Sources */,
				B714DFF21D9CA73B00D5AAC3 /* ZHCMessagesMediaViewBubbleImageMasker.m in Sources */,
				B714DFAE1D9CA6FA00D5AAC3 /* ZHCMessagesTableView.m in Sources */,
				B714DFB21D9CA6FA00D5AAC3 /* ZHCMessagesTableViewCellOutcoming.m in Sources */,
				B714DF5F1D9BA9EE00D5AAC3 /* UIView+ZHCMessages.m in Sources */,
				B714DFF81D9CAF7900D5AAC3 /* GYModelData.swift in Sources */,
				8D92F6541D94F9670068A40A /* MyCenterController.swift in Sources */,
				B714DFAB1D9CA6FA00D5AAC3 /* ZHCMessagesMediaPlaceholderView.m in Sources */,
				B714DFE21D9CA72B00D5AAC3 /* ZHCMessagesTableviewLayoutAttributes.m in Sources */,
				B714DFD61D9CA71F00D5AAC3 /* ZHCMessagesAvatarImage.m in Sources */,
				B714DFAD1D9CA6FA00D5AAC3 /* ZHCMessagesMoreView.m in Sources */,
				B714DFF11D9CA73B00D5AAC3 /* ZHCMessagesEmojiFactory.m in Sources */,
				B714DFA71D9CA6FA00D5AAC3 /* ZHCMessagesComposerTextView.m in Sources */,
				B714DFA81D9CA6FA00D5AAC3 /* ZHCMessagesEmojiView.m in Sources */,
				B714DFD51D9CA71F00D5AAC3 /* ZHCMessage.m in Sources */,
				8DAE80571D9A097800A9946F /* SlideMenuController.swift in Sources */,
				8D1EF3C51D93F01F0009D034 /* MainTabBarController.swift in Sources */,
				B779687E1D9E4B4C0046AD66 /* UUImageAvatarBrowser.m in Sources */,
				B714DFD91D9CA71F00D5AAC3 /* ZHCVideoMediaItem.m in Sources */,
				B714DF5E1D9BA9EE00D5AAC3 /* UIImage+ZHCMessages.m in Sources */,
				B714DFD71D9CA71F00D5AAC3 /* ZHCMessagesBubbleImage.m in Sources */,
				8D92F6581D94FAB00068A40A /* MyDevicesController.swift in Sources */,
				B714DFA61D9CA6FA00D5AAC3 /* ZHCMessagesCellTextView.m in Sources */,
				8D92F65E1D9510450068A40A /* GloabConfig.swift in Sources */,
				B7725CFF1D9DF8FF0047AC6F /* BDImagePicker.m in Sources */,
				B714DFB01D9CA6FA00D5AAC3 /* ZHCMessagesTableViewCellIncoming.m in Sources */,
				B714DFBB1D9CA71100D5AAC3 /* ZHCMessagesVoiceRecorder.m in Sources */,
				B714DFAA1D9CA6FA00D5AAC3 /* ZHCMessagesLabel.m in Sources */,
				B714DFD21D9CA71F00D5AAC3 /* ZHCAudioMediaItem.m in Sources */,
				B714DFD41D9CA71F00D5AAC3 /* ZHCMediaItem.m in Sources */,
				B714DFA51D9CA6FA00D5AAC3 /* ZHCMessagesAudioProgressHUD.m in Sources */,
				B714DFFD1D9CB13700D5AAC3 /* ZHCModelData.m in Sources */,
				8D92F66F1D95346E0068A40A /* LeftMenuController.swift in Sources */,
				B714DF601D9BA9EE00D5AAC3 /* ZHCMessagesViewController.m in Sources */,
				B7E4E6B21DACB4B300B82774 /* MyInfoCell.swift in Sources */,
				B714DFF31D9CA73B00D5AAC3 /* ZHCMessagesTimestampFormatter.m in Sources */,
				B714DF5C1D9BA9EE00D5AAC3 /* NSString+ZHCMessages.m in Sources */,
				B714DFAC1D9CA6FA00D5AAC3 /* ZHCMessagesMoreItem.m in Sources */,
				B714DF5A1D9BA9EE00D5AAC3 /* NSBundle+ZHCMessages.m in Sources */,
				B714DF591D9BA9EE00D5AAC3 /* NSArray+ZHCMessages.m in Sources */,
				B714DFD81D9CA71F00D5AAC3 /* ZHCPhotoMediaItem.m in Sources */,
				B714DFF01D9CA73B00D5AAC3 /* ZHCMessagesBubbleImageFactory.m in Sources */,
				B714DFBA1D9CA71100D5AAC3 /* ZHCMessagesAudioPlayer.m in Sources */,
				B714DFEF1D9CA73B00D5AAC3 /* ZHCMessagesAvatarImageFactory.m in Sources */,
				B714DFAF1D9CA6FA00D5AAC3 /* ZHCMessagesTableViewCell.m in Sources */,
				B714DFD31D9CA71F00D5AAC3 /* ZHCLocationMediaItem.m in Sources */,
				8DAE806B1D9A600900A9946F /* LeftMenuDeviceCell.swift in Sources */,
				B714DFFE1D9CB13700D5AAC3 /* ZHUseFDModel.m in Sources */,
			);
			runOnlyForDeploymentPostprocessing = 0;
		};
		8D1EF3961D93DE050009D034 /* Sources */ = {
			isa = PBXSourcesBuildPhase;
			buildActionMask = 2147483647;
			files = (
				8D1EF39F1D93DE050009D034 /* OzneriFamilyTests.swift in Sources */,
			);
			runOnlyForDeploymentPostprocessing = 0;
		};
		8D1EF3A11D93DE050009D034 /* Sources */ = {
			isa = PBXSourcesBuildPhase;
			buildActionMask = 2147483647;
			files = (
				8D1EF3AA1D93DE050009D034 /* OzneriFamilyUITests.swift in Sources */,
			);
			runOnlyForDeploymentPostprocessing = 0;
		};
/* End PBXSourcesBuildPhase section */

/* Begin PBXTargetDependency section */
		8D1EF39C1D93DE050009D034 /* PBXTargetDependency */ = {
			isa = PBXTargetDependency;
			target = 8D1EF3831D93DE050009D034 /* OzneriFamily */;
			targetProxy = 8D1EF39B1D93DE050009D034 /* PBXContainerItemProxy */;
		};
		8D1EF3A71D93DE050009D034 /* PBXTargetDependency */ = {
			isa = PBXTargetDependency;
			target = 8D1EF3831D93DE050009D034 /* OzneriFamily */;
			targetProxy = 8D1EF3A61D93DE050009D034 /* PBXContainerItemProxy */;
		};
/* End PBXTargetDependency section */

/* Begin PBXVariantGroup section */
		8D92F6631D95252E0068A40A /* Localizable.strings */ = {
			isa = PBXVariantGroup;
			children = (
				8D92F6621D95252E0068A40A /* Base */,
				8D92F6641D9525320068A40A /* en */,
				8D92F6651D95255D0068A40A /* zh-Hans */,
			);
			name = Localizable.strings;
			sourceTree = "<group>";
		};
		8D92F66A1D9526460068A40A /* InfoPlist.strings */ = {
			isa = PBXVariantGroup;
			children = (
				8D92F6691D9526460068A40A /* en */,
				8D92F66B1D9526470068A40A /* Base */,
				8D92F66C1D9526490068A40A /* zh-Hans */,
			);
			name = InfoPlist.strings;
			sourceTree = "<group>";
		};
/* End PBXVariantGroup section */

/* Begin XCBuildConfiguration section */
		8D1EF3AC1D93DE050009D034 /* Debug */ = {
			isa = XCBuildConfiguration;
			buildSettings = {
				ALWAYS_SEARCH_USER_PATHS = NO;
				CLANG_ANALYZER_LOCALIZABILITY_NONLOCALIZED = YES;
				CLANG_ANALYZER_NONNULL = YES;
				CLANG_CXX_LANGUAGE_STANDARD = "gnu++0x";
				CLANG_CXX_LIBRARY = "libc++";
				CLANG_ENABLE_MODULES = YES;
				CLANG_ENABLE_OBJC_ARC = YES;
				CLANG_WARN_BOOL_CONVERSION = YES;
				CLANG_WARN_CONSTANT_CONVERSION = YES;
				CLANG_WARN_DIRECT_OBJC_ISA_USAGE = YES_ERROR;
				CLANG_WARN_DOCUMENTATION_COMMENTS = YES;
				CLANG_WARN_EMPTY_BODY = YES;
				CLANG_WARN_ENUM_CONVERSION = YES;
				CLANG_WARN_INFINITE_RECURSION = YES;
				CLANG_WARN_INT_CONVERSION = YES;
				CLANG_WARN_OBJC_ROOT_CLASS = YES_ERROR;
				CLANG_WARN_SUSPICIOUS_MOVE = YES;
				CLANG_WARN_SUSPICIOUS_MOVES = YES;
				CLANG_WARN_UNREACHABLE_CODE = YES;
				CLANG_WARN__DUPLICATE_METHOD_MATCH = YES;
				"CODE_SIGN_IDENTITY[sdk=iphoneos*]" = "iPhone Developer";
				COPY_PHASE_STRIP = NO;
				DEBUG_INFORMATION_FORMAT = dwarf;
				ENABLE_STRICT_OBJC_MSGSEND = YES;
				ENABLE_TESTABILITY = YES;
				GCC_C_LANGUAGE_STANDARD = gnu99;
				GCC_DYNAMIC_NO_PIC = NO;
				GCC_NO_COMMON_BLOCKS = YES;
				GCC_OPTIMIZATION_LEVEL = 0;
				GCC_PREPROCESSOR_DEFINITIONS = (
					"DEBUG=1",
					"$(inherited)",
				);
				GCC_WARN_64_TO_32_BIT_CONVERSION = YES;
				GCC_WARN_ABOUT_RETURN_TYPE = YES_ERROR;
				GCC_WARN_UNDECLARED_SELECTOR = YES;
				GCC_WARN_UNINITIALIZED_AUTOS = YES_AGGRESSIVE;
				GCC_WARN_UNUSED_FUNCTION = YES;
				GCC_WARN_UNUSED_VARIABLE = YES;
				IPHONEOS_DEPLOYMENT_TARGET = 8.0;
				MTL_ENABLE_DEBUG_INFO = YES;
				ONLY_ACTIVE_ARCH = YES;
				SDKROOT = iphoneos;
				SWIFT_ACTIVE_COMPILATION_CONDITIONS = DEBUG;
				SWIFT_OPTIMIZATION_LEVEL = "-Onone";
			};
			name = Debug;
		};
		8D1EF3AD1D93DE050009D034 /* Release */ = {
			isa = XCBuildConfiguration;
			buildSettings = {
				ALWAYS_SEARCH_USER_PATHS = NO;
				CLANG_ANALYZER_LOCALIZABILITY_NONLOCALIZED = YES;
				CLANG_ANALYZER_NONNULL = YES;
				CLANG_CXX_LANGUAGE_STANDARD = "gnu++0x";
				CLANG_CXX_LIBRARY = "libc++";
				CLANG_ENABLE_MODULES = YES;
				CLANG_ENABLE_OBJC_ARC = YES;
				CLANG_WARN_BOOL_CONVERSION = YES;
				CLANG_WARN_CONSTANT_CONVERSION = YES;
				CLANG_WARN_DIRECT_OBJC_ISA_USAGE = YES_ERROR;
				CLANG_WARN_DOCUMENTATION_COMMENTS = YES;
				CLANG_WARN_EMPTY_BODY = YES;
				CLANG_WARN_ENUM_CONVERSION = YES;
				CLANG_WARN_INFINITE_RECURSION = YES;
				CLANG_WARN_INT_CONVERSION = YES;
				CLANG_WARN_OBJC_ROOT_CLASS = YES_ERROR;
				CLANG_WARN_SUSPICIOUS_MOVE = YES;
				CLANG_WARN_SUSPICIOUS_MOVES = YES;
				CLANG_WARN_UNREACHABLE_CODE = YES;
				CLANG_WARN__DUPLICATE_METHOD_MATCH = YES;
				"CODE_SIGN_IDENTITY[sdk=iphoneos*]" = "iPhone Developer";
				COPY_PHASE_STRIP = NO;
				DEBUG_INFORMATION_FORMAT = "dwarf-with-dsym";
				ENABLE_NS_ASSERTIONS = NO;
				ENABLE_STRICT_OBJC_MSGSEND = YES;
				GCC_C_LANGUAGE_STANDARD = gnu99;
				GCC_NO_COMMON_BLOCKS = YES;
				GCC_WARN_64_TO_32_BIT_CONVERSION = YES;
				GCC_WARN_ABOUT_RETURN_TYPE = YES_ERROR;
				GCC_WARN_UNDECLARED_SELECTOR = YES;
				GCC_WARN_UNINITIALIZED_AUTOS = YES_AGGRESSIVE;
				GCC_WARN_UNUSED_FUNCTION = YES;
				GCC_WARN_UNUSED_VARIABLE = YES;
				IPHONEOS_DEPLOYMENT_TARGET = 8.0;
				MTL_ENABLE_DEBUG_INFO = NO;
				SDKROOT = iphoneos;
				SWIFT_OPTIMIZATION_LEVEL = "-Owholemodule";
				VALIDATE_PRODUCT = YES;
			};
			name = Release;
		};
		8D1EF3AF1D93DE050009D034 /* Debug */ = {
			isa = XCBuildConfiguration;
			baseConfigurationReference = 9C704BF1A0D2ADD5B7874B6A /* Pods-OzneriFamily.debug.xcconfig */;
			buildSettings = {
				ASSETCATALOG_COMPILER_APPICON_NAME = AppIcon;
				ASSETCATALOG_COMPILER_LAUNCHIMAGE_NAME = LaunchImage;
				CLANG_ENABLE_MODULES = YES;
				DEVELOPMENT_TEAM = UZZG6NM74T;
				FRAMEWORK_SEARCH_PATHS = (
					"$(inherited)",
					"$(PROJECT_DIR)/Carthage/Build/iOS",
					"$(PROJECT_DIR)/CarthageFrameworks",
				);
				INFOPLIST_FILE = OzneriFamily/Info.plist;
				IPHONEOS_DEPLOYMENT_TARGET = 8.0;
				LD_RUNPATH_SEARCH_PATHS = "$(inherited) @executable_path/Frameworks";
				LIBRARY_SEARCH_PATHS = (
					"$(inherited)",
					"$(PROJECT_DIR)/OzneriFamily/Counseling/EaseUI/EMUIKit/3rdparty/DeviceHelper/VoiceConvert/opencore-amrnb",
					"$(PROJECT_DIR)/OzneriFamily/Counseling/EaseUI/EMUIKit/3rdparty/DeviceHelper/VoiceConvert/opencore-amrwb",
				);
				PRODUCT_BUNDLE_IDENTIFIER = ozner.OzneriFamily;
				PRODUCT_NAME = "$(TARGET_NAME)";
				SWIFT_OBJC_BRIDGING_HEADER = "OzneriFamily-Bridging-Header.h";
				SWIFT_OPTIMIZATION_LEVEL = "-Onone";
				SWIFT_VERSION = 3.0;
			};
			name = Debug;
		};
		8D1EF3B01D93DE050009D034 /* Release */ = {
			isa = XCBuildConfiguration;
			baseConfigurationReference = DBB08E966F838D15B4582606 /* Pods-OzneriFamily.release.xcconfig */;
			buildSettings = {
				ASSETCATALOG_COMPILER_APPICON_NAME = AppIcon;
				ASSETCATALOG_COMPILER_LAUNCHIMAGE_NAME = LaunchImage;
				CLANG_ENABLE_MODULES = YES;
				DEVELOPMENT_TEAM = UZZG6NM74T;
				FRAMEWORK_SEARCH_PATHS = (
					"$(inherited)",
					"$(PROJECT_DIR)/Carthage/Build/iOS",
					"$(PROJECT_DIR)/CarthageFrameworks",
				);
				INFOPLIST_FILE = OzneriFamily/Info.plist;
				IPHONEOS_DEPLOYMENT_TARGET = 8.0;
				LD_RUNPATH_SEARCH_PATHS = "$(inherited) @executable_path/Frameworks";
				LIBRARY_SEARCH_PATHS = (
					"$(inherited)",
					"$(PROJECT_DIR)/OzneriFamily/Counseling/EaseUI/EMUIKit/3rdparty/DeviceHelper/VoiceConvert/opencore-amrnb",
					"$(PROJECT_DIR)/OzneriFamily/Counseling/EaseUI/EMUIKit/3rdparty/DeviceHelper/VoiceConvert/opencore-amrwb",
				);
				PRODUCT_BUNDLE_IDENTIFIER = ozner.OzneriFamily;
				PRODUCT_NAME = "$(TARGET_NAME)";
				SWIFT_OBJC_BRIDGING_HEADER = "OzneriFamily-Bridging-Header.h";
				SWIFT_VERSION = 3.0;
			};
			name = Release;
		};
		8D1EF3B21D93DE050009D034 /* Debug */ = {
			isa = XCBuildConfiguration;
			buildSettings = {
				ALWAYS_EMBED_SWIFT_STANDARD_LIBRARIES = YES;
				BUNDLE_LOADER = "$(TEST_HOST)";
				DEVELOPMENT_TEAM = UZZG6NM74T;
				INFOPLIST_FILE = OzneriFamilyTests/Info.plist;
				LD_RUNPATH_SEARCH_PATHS = "$(inherited) @executable_path/Frameworks @loader_path/Frameworks";
				PRODUCT_BUNDLE_IDENTIFIER = ozner.OzneriFamilyTests;
				PRODUCT_NAME = "$(TARGET_NAME)";
				SWIFT_VERSION = 3.0;
				TEST_HOST = "$(BUILT_PRODUCTS_DIR)/OzneriFamily.app/OzneriFamily";
			};
			name = Debug;
		};
		8D1EF3B31D93DE050009D034 /* Release */ = {
			isa = XCBuildConfiguration;
			buildSettings = {
				ALWAYS_EMBED_SWIFT_STANDARD_LIBRARIES = YES;
				BUNDLE_LOADER = "$(TEST_HOST)";
				DEVELOPMENT_TEAM = UZZG6NM74T;
				INFOPLIST_FILE = OzneriFamilyTests/Info.plist;
				LD_RUNPATH_SEARCH_PATHS = "$(inherited) @executable_path/Frameworks @loader_path/Frameworks";
				PRODUCT_BUNDLE_IDENTIFIER = ozner.OzneriFamilyTests;
				PRODUCT_NAME = "$(TARGET_NAME)";
				SWIFT_VERSION = 3.0;
				TEST_HOST = "$(BUILT_PRODUCTS_DIR)/OzneriFamily.app/OzneriFamily";
			};
			name = Release;
		};
		8D1EF3B51D93DE050009D034 /* Debug */ = {
			isa = XCBuildConfiguration;
			buildSettings = {
				ALWAYS_EMBED_SWIFT_STANDARD_LIBRARIES = YES;
				DEVELOPMENT_TEAM = UZZG6NM74T;
				INFOPLIST_FILE = OzneriFamilyUITests/Info.plist;
				LD_RUNPATH_SEARCH_PATHS = "$(inherited) @executable_path/Frameworks @loader_path/Frameworks";
				PRODUCT_BUNDLE_IDENTIFIER = ozner.OzneriFamilyUITests;
				PRODUCT_NAME = "$(TARGET_NAME)";
				SWIFT_VERSION = 3.0;
				TEST_TARGET_NAME = OzneriFamily;
			};
			name = Debug;
		};
		8D1EF3B61D93DE050009D034 /* Release */ = {
			isa = XCBuildConfiguration;
			buildSettings = {
				ALWAYS_EMBED_SWIFT_STANDARD_LIBRARIES = YES;
				DEVELOPMENT_TEAM = UZZG6NM74T;
				INFOPLIST_FILE = OzneriFamilyUITests/Info.plist;
				LD_RUNPATH_SEARCH_PATHS = "$(inherited) @executable_path/Frameworks @loader_path/Frameworks";
				PRODUCT_BUNDLE_IDENTIFIER = ozner.OzneriFamilyUITests;
				PRODUCT_NAME = "$(TARGET_NAME)";
				SWIFT_VERSION = 3.0;
				TEST_TARGET_NAME = OzneriFamily;
			};
			name = Release;
		};
/* End XCBuildConfiguration section */

/* Begin XCConfigurationList section */
		8D1EF37F1D93DE050009D034 /* Build configuration list for PBXProject "OzneriFamily" */ = {
			isa = XCConfigurationList;
			buildConfigurations = (
				8D1EF3AC1D93DE050009D034 /* Debug */,
				8D1EF3AD1D93DE050009D034 /* Release */,
			);
			defaultConfigurationIsVisible = 0;
			defaultConfigurationName = Release;
		};
		8D1EF3AE1D93DE050009D034 /* Build configuration list for PBXNativeTarget "OzneriFamily" */ = {
			isa = XCConfigurationList;
			buildConfigurations = (
				8D1EF3AF1D93DE050009D034 /* Debug */,
				8D1EF3B01D93DE050009D034 /* Release */,
			);
			defaultConfigurationIsVisible = 0;
			defaultConfigurationName = Release;
		};
		8D1EF3B11D93DE050009D034 /* Build configuration list for PBXNativeTarget "OzneriFamilyTests" */ = {
			isa = XCConfigurationList;
			buildConfigurations = (
				8D1EF3B21D93DE050009D034 /* Debug */,
				8D1EF3B31D93DE050009D034 /* Release */,
			);
			defaultConfigurationIsVisible = 0;
			defaultConfigurationName = Release;
		};
		8D1EF3B41D93DE050009D034 /* Build configuration list for PBXNativeTarget "OzneriFamilyUITests" */ = {
			isa = XCConfigurationList;
			buildConfigurations = (
				8D1EF3B51D93DE050009D034 /* Debug */,
				8D1EF3B61D93DE050009D034 /* Release */,
			);
			defaultConfigurationIsVisible = 0;
			defaultConfigurationName = Release;
		};
/* End XCConfigurationList section */
	};
	rootObject = 8D1EF37C1D93DE050009D034 /* Project object */;
}
