// !$*UTF8*$!
{
	archiveVersion = 1;
	classes = {
	};
	objectVersion = 46;
	objects = {

/* Begin PBXBuildFile section */
		7CDB997D1525E441934F76FD /* Pods_OzneriFamily.framework in Frameworks */ = {isa = PBXBuildFile; fileRef = 3FF38EB9A5D6D0B8FCEAAC12 /* Pods_OzneriFamily.framework */; };
		8D1EF3881D93DE050009D034 /* AppDelegate.swift in Sources */ = {isa = PBXBuildFile; fileRef = 8D1EF3871D93DE050009D034 /* AppDelegate.swift */; };
		8D1EF39F1D93DE050009D034 /* OzneriFamilyTests.swift in Sources */ = {isa = PBXBuildFile; fileRef = 8D1EF39E1D93DE050009D034 /* OzneriFamilyTests.swift */; };
		8D1EF3AA1D93DE050009D034 /* OzneriFamilyUITests.swift in Sources */ = {isa = PBXBuildFile; fileRef = 8D1EF3A91D93DE050009D034 /* OzneriFamilyUITests.swift */; };
		8D1EF3C51D93F01F0009D034 /* MainTabBarController.swift in Sources */ = {isa = PBXBuildFile; fileRef = 8D1EF3C41D93F01F0009D034 /* MainTabBarController.swift */; };
		8D2666E61D98F08C0028CB33 /* NetworkManager.swift in Sources */ = {isa = PBXBuildFile; fileRef = 8D2666E51D98F08C0028CB33 /* NetworkManager.swift */; };
		8D92F6501D94F6850068A40A /* LanguageHelper.swift in Sources */ = {isa = PBXBuildFile; fileRef = 8D92F64F1D94F6850068A40A /* LanguageHelper.swift */; };
		8D92F6521D94F8480068A40A /* MyCenter.storyboard in Resources */ = {isa = PBXBuildFile; fileRef = 8D92F6511D94F8480068A40A /* MyCenter.storyboard */; };
		8D92F6541D94F9670068A40A /* MyCenterController.swift in Sources */ = {isa = PBXBuildFile; fileRef = 8D92F6531D94F9670068A40A /* MyCenterController.swift */; };
		8D92F6561D94FA700068A40A /* WebShopController.swift in Sources */ = {isa = PBXBuildFile; fileRef = 8D92F6551D94FA700068A40A /* WebShopController.swift */; };
		8D92F6581D94FAB00068A40A /* MyDevicesController.swift in Sources */ = {isa = PBXBuildFile; fileRef = 8D92F6571D94FAB00068A40A /* MyDevicesController.swift */; };
		8D92F65A1D94FAC70068A40A /* MyDevices.storyboard in Resources */ = {isa = PBXBuildFile; fileRef = 8D92F6591D94FAC70068A40A /* MyDevices.storyboard */; };
		8D92F65C1D94FAE40068A40A /* CounselingController.swift in Sources */ = {isa = PBXBuildFile; fileRef = 8D92F65B1D94FAE40068A40A /* CounselingController.swift */; };
		8D92F65E1D9510450068A40A /* GloabConfig.swift in Sources */ = {isa = PBXBuildFile; fileRef = 8D92F65D1D9510450068A40A /* GloabConfig.swift */; };
		8D92F6611D95252E0068A40A /* Localizable.strings in Resources */ = {isa = PBXBuildFile; fileRef = 8D92F6631D95252E0068A40A /* Localizable.strings */; };
		8D92F6681D9526460068A40A /* InfoPlist.strings in Resources */ = {isa = PBXBuildFile; fileRef = 8D92F66A1D9526460068A40A /* InfoPlist.strings */; };
		8D92F66F1D95346E0068A40A /* LeftMenuController.swift in Sources */ = {isa = PBXBuildFile; fileRef = 8D92F66E1D95346E0068A40A /* LeftMenuController.swift */; };
		8D92F6711D9534890068A40A /* LeftMenu.storyboard in Resources */ = {isa = PBXBuildFile; fileRef = 8D92F6701D9534890068A40A /* LeftMenu.storyboard */; };
		8DAE80561D9A097800A9946F /* Info.plist in Resources */ = {isa = PBXBuildFile; fileRef = 8DAE80531D9A097800A9946F /* Info.plist */; };
		8DAE80571D9A097800A9946F /* SlideMenuController.swift in Sources */ = {isa = PBXBuildFile; fileRef = 8DAE80541D9A097800A9946F /* SlideMenuController.swift */; };
		8DAE80601D9A0CB200A9946F /* AFNetworking.framework in Frameworks */ = {isa = PBXBuildFile; fileRef = 8DAE805E1D9A0CB200A9946F /* AFNetworking.framework */; };
		8DAE80611D9A0CB200A9946F /* AFNetworking.framework in Embed Frameworks */ = {isa = PBXBuildFile; fileRef = 8DAE805E1D9A0CB200A9946F /* AFNetworking.framework */; settings = {ATTRIBUTES = (CodeSignOnCopy, RemoveHeadersOnCopy, ); }; };
		8DAE80621D9A0CB200A9946F /* SwiftyJSON.framework in Frameworks */ = {isa = PBXBuildFile; fileRef = 8DAE805F1D9A0CB200A9946F /* SwiftyJSON.framework */; };
		8DAE80631D9A0CB200A9946F /* SwiftyJSON.framework in Embed Frameworks */ = {isa = PBXBuildFile; fileRef = 8DAE805F1D9A0CB200A9946F /* SwiftyJSON.framework */; settings = {ATTRIBUTES = (CodeSignOnCopy, RemoveHeadersOnCopy, ); }; };
		8DAE806B1D9A600900A9946F /* LeftMenuDeviceCell.swift in Sources */ = {isa = PBXBuildFile; fileRef = 8DAE80691D9A600900A9946F /* LeftMenuDeviceCell.swift */; };
		8DAE806C1D9A600900A9946F /* LeftMenuDeviceCell.xib in Resources */ = {isa = PBXBuildFile; fileRef = 8DAE806A1D9A600900A9946F /* LeftMenuDeviceCell.xib */; };
		8DF78D611D94DBEB002C4202 /* Assets.xcassets in Resources */ = {isa = PBXBuildFile; fileRef = 8DF78D601D94DBEB002C4202 /* Assets.xcassets */; };
/* End PBXBuildFile section */

/* Begin PBXContainerItemProxy section */
		8D1EF39B1D93DE050009D034 /* PBXContainerItemProxy */ = {
			isa = PBXContainerItemProxy;
			containerPortal = 8D1EF37C1D93DE050009D034 /* Project object */;
			proxyType = 1;
			remoteGlobalIDString = 8D1EF3831D93DE050009D034;
			remoteInfo = OzneriFamily;
		};
		8D1EF3A61D93DE050009D034 /* PBXContainerItemProxy */ = {
			isa = PBXContainerItemProxy;
			containerPortal = 8D1EF37C1D93DE050009D034 /* Project object */;
			proxyType = 1;
			remoteGlobalIDString = 8D1EF3831D93DE050009D034;
			remoteInfo = OzneriFamily;
		};
/* End PBXContainerItemProxy section */

/* Begin PBXCopyFilesBuildPhase section */
		8D2666E01D98EE590028CB33 /* Embed Frameworks */ = {
			isa = PBXCopyFilesBuildPhase;
			buildActionMask = 2147483647;
			dstPath = "";
			dstSubfolderSpec = 10;
			files = (
				8DAE80631D9A0CB200A9946F /* SwiftyJSON.framework in Embed Frameworks */,
				8DAE80611D9A0CB200A9946F /* AFNetworking.framework in Embed Frameworks */,
			);
			name = "Embed Frameworks";
			runOnlyForDeploymentPostprocessing = 0;
		};
/* End PBXCopyFilesBuildPhase section */

/* Begin PBXFileReference section */
		3FF38EB9A5D6D0B8FCEAAC12 /* Pods_OzneriFamily.framework */ = {isa = PBXFileReference; explicitFileType = wrapper.framework; includeInIndex = 0; path = Pods_OzneriFamily.framework; sourceTree = BUILT_PRODUCTS_DIR; };
		8D1EF3841D93DE050009D034 /* OzneriFamily.app */ = {isa = PBXFileReference; explicitFileType = wrapper.application; includeInIndex = 0; path = OzneriFamily.app; sourceTree = BUILT_PRODUCTS_DIR; };
		8D1EF3871D93DE050009D034 /* AppDelegate.swift */ = {isa = PBXFileReference; lastKnownFileType = sourcecode.swift; path = AppDelegate.swift; sourceTree = "<group>"; };
		8D1EF3951D93DE050009D034 /* Info.plist */ = {isa = PBXFileReference; lastKnownFileType = text.plist.xml; path = Info.plist; sourceTree = "<group>"; };
		8D1EF39A1D93DE050009D034 /* OzneriFamilyTests.xctest */ = {isa = PBXFileReference; explicitFileType = wrapper.cfbundle; includeInIndex = 0; path = OzneriFamilyTests.xctest; sourceTree = BUILT_PRODUCTS_DIR; };
		8D1EF39E1D93DE050009D034 /* OzneriFamilyTests.swift */ = {isa = PBXFileReference; lastKnownFileType = sourcecode.swift; path = OzneriFamilyTests.swift; sourceTree = "<group>"; };
		8D1EF3A01D93DE050009D034 /* Info.plist */ = {isa = PBXFileReference; lastKnownFileType = text.plist.xml; path = Info.plist; sourceTree = "<group>"; };
		8D1EF3A51D93DE050009D034 /* OzneriFamilyUITests.xctest */ = {isa = PBXFileReference; explicitFileType = wrapper.cfbundle; includeInIndex = 0; path = OzneriFamilyUITests.xctest; sourceTree = BUILT_PRODUCTS_DIR; };
		8D1EF3A91D93DE050009D034 /* OzneriFamilyUITests.swift */ = {isa = PBXFileReference; lastKnownFileType = sourcecode.swift; path = OzneriFamilyUITests.swift; sourceTree = "<group>"; };
		8D1EF3AB1D93DE050009D034 /* Info.plist */ = {isa = PBXFileReference; lastKnownFileType = text.plist.xml; path = Info.plist; sourceTree = "<group>"; };
		8D1EF3B71D93DED50009D034 /* OzneriFamily-Bridging-Header.h */ = {isa = PBXFileReference; lastKnownFileType = sourcecode.c.h; path = "OzneriFamily-Bridging-Header.h"; sourceTree = "<group>"; };
		8D1EF3C41D93F01F0009D034 /* MainTabBarController.swift */ = {isa = PBXFileReference; fileEncoding = 4; lastKnownFileType = sourcecode.swift; path = MainTabBarController.swift; sourceTree = "<group>"; };
		8D2666E51D98F08C0028CB33 /* NetworkManager.swift */ = {isa = PBXFileReference; fileEncoding = 4; lastKnownFileType = sourcecode.swift; path = NetworkManager.swift; sourceTree = "<group>"; };
		8D92F64F1D94F6850068A40A /* LanguageHelper.swift */ = {isa = PBXFileReference; fileEncoding = 4; lastKnownFileType = sourcecode.swift; path = LanguageHelper.swift; sourceTree = "<group>"; };
		8D92F6511D94F8480068A40A /* MyCenter.storyboard */ = {isa = PBXFileReference; fileEncoding = 4; lastKnownFileType = file.storyboard; path = MyCenter.storyboard; sourceTree = "<group>"; };
		8D92F6531D94F9670068A40A /* MyCenterController.swift */ = {isa = PBXFileReference; fileEncoding = 4; lastKnownFileType = sourcecode.swift; path = MyCenterController.swift; sourceTree = "<group>"; };
		8D92F6551D94FA700068A40A /* WebShopController.swift */ = {isa = PBXFileReference; fileEncoding = 4; lastKnownFileType = sourcecode.swift; path = WebShopController.swift; sourceTree = "<group>"; };
		8D92F6571D94FAB00068A40A /* MyDevicesController.swift */ = {isa = PBXFileReference; fileEncoding = 4; lastKnownFileType = sourcecode.swift; path = MyDevicesController.swift; sourceTree = "<group>"; };
		8D92F6591D94FAC70068A40A /* MyDevices.storyboard */ = {isa = PBXFileReference; fileEncoding = 4; lastKnownFileType = file.storyboard; path = MyDevices.storyboard; sourceTree = "<group>"; };
		8D92F65B1D94FAE40068A40A /* CounselingController.swift */ = {isa = PBXFileReference; fileEncoding = 4; lastKnownFileType = sourcecode.swift; path = CounselingController.swift; sourceTree = "<group>"; };
		8D92F65D1D9510450068A40A /* GloabConfig.swift */ = {isa = PBXFileReference; fileEncoding = 4; lastKnownFileType = sourcecode.swift; path = GloabConfig.swift; sourceTree = "<group>"; };
		8D92F6621D95252E0068A40A /* Base */ = {isa = PBXFileReference; lastKnownFileType = text.plist.strings; name = Base; path = Base.lproj/Localizable.strings; sourceTree = "<group>"; };
		8D92F6641D9525320068A40A /* en */ = {isa = PBXFileReference; lastKnownFileType = text.plist.strings; name = en; path = en.lproj/Localizable.strings; sourceTree = "<group>"; };
		8D92F6651D95255D0068A40A /* zh-Hans */ = {isa = PBXFileReference; lastKnownFileType = text.plist.strings; name = "zh-Hans"; path = "zh-Hans.lproj/Localizable.strings"; sourceTree = "<group>"; };
		8D92F6691D9526460068A40A /* en */ = {isa = PBXFileReference; lastKnownFileType = text.plist.strings; name = en; path = en.lproj/InfoPlist.strings; sourceTree = "<group>"; };
		8D92F66B1D9526470068A40A /* Base */ = {isa = PBXFileReference; lastKnownFileType = text.plist.strings; name = Base; path = Base.lproj/InfoPlist.strings; sourceTree = "<group>"; };
		8D92F66C1D9526490068A40A /* zh-Hans */ = {isa = PBXFileReference; lastKnownFileType = text.plist.strings; name = "zh-Hans"; path = "zh-Hans.lproj/InfoPlist.strings"; sourceTree = "<group>"; };
		8D92F66E1D95346E0068A40A /* LeftMenuController.swift */ = {isa = PBXFileReference; fileEncoding = 4; lastKnownFileType = sourcecode.swift; path = LeftMenuController.swift; sourceTree = "<group>"; };
		8D92F6701D9534890068A40A /* LeftMenu.storyboard */ = {isa = PBXFileReference; fileEncoding = 4; lastKnownFileType = file.storyboard; path = LeftMenu.storyboard; sourceTree = "<group>"; };
		8DAE80531D9A097800A9946F /* Info.plist */ = {isa = PBXFileReference; fileEncoding = 4; lastKnownFileType = text.plist.xml; path = Info.plist; sourceTree = "<group>"; };
		8DAE80541D9A097800A9946F /* SlideMenuController.swift */ = {isa = PBXFileReference; fileEncoding = 4; lastKnownFileType = sourcecode.swift; path = SlideMenuController.swift; sourceTree = "<group>"; };
		8DAE80551D9A097800A9946F /* SlideMenuControllerSwift.h */ = {isa = PBXFileReference; fileEncoding = 4; lastKnownFileType = sourcecode.c.h; path = SlideMenuControllerSwift.h; sourceTree = "<group>"; };
		8DAE805E1D9A0CB200A9946F /* AFNetworking.framework */ = {isa = PBXFileReference; lastKnownFileType = wrapper.framework; name = AFNetworking.framework; path = Carthage/Build/iOS/AFNetworking.framework; sourceTree = "<group>"; };
		8DAE805F1D9A0CB200A9946F /* SwiftyJSON.framework */ = {isa = PBXFileReference; lastKnownFileType = wrapper.framework; name = SwiftyJSON.framework; path = Carthage/Build/iOS/SwiftyJSON.framework; sourceTree = "<group>"; };
		8DAE80691D9A600900A9946F /* LeftMenuDeviceCell.swift */ = {isa = PBXFileReference; fileEncoding = 4; lastKnownFileType = sourcecode.swift; path = LeftMenuDeviceCell.swift; sourceTree = "<group>"; };
		8DAE806A1D9A600900A9946F /* LeftMenuDeviceCell.xib */ = {isa = PBXFileReference; fileEncoding = 4; lastKnownFileType = file.xib; path = LeftMenuDeviceCell.xib; sourceTree = "<group>"; };
		8DF78D601D94DBEB002C4202 /* Assets.xcassets */ = {isa = PBXFileReference; lastKnownFileType = folder.assetcatalog; path = Assets.xcassets; sourceTree = "<group>"; };
		9C704BF1A0D2ADD5B7874B6A /* Pods-OzneriFamily.debug.xcconfig */ = {isa = PBXFileReference; includeInIndex = 1; lastKnownFileType = text.xcconfig; name = "Pods-OzneriFamily.debug.xcconfig"; path = "Pods/Target Support Files/Pods-OzneriFamily/Pods-OzneriFamily.debug.xcconfig"; sourceTree = "<group>"; };
		DBB08E966F838D15B4582606 /* Pods-OzneriFamily.release.xcconfig */ = {isa = PBXFileReference; includeInIndex = 1; lastKnownFileType = text.xcconfig; name = "Pods-OzneriFamily.release.xcconfig"; path = "Pods/Target Support Files/Pods-OzneriFamily/Pods-OzneriFamily.release.xcconfig"; sourceTree = "<group>"; };
/* End PBXFileReference section */

/* Begin PBXFrameworksBuildPhase section */
		8D1EF3811D93DE050009D034 /* Frameworks */ = {
			isa = PBXFrameworksBuildPhase;
			buildActionMask = 2147483647;
			files = (
				7CDB997D1525E441934F76FD /* Pods_OzneriFamily.framework in Frameworks */,
				8DAE80601D9A0CB200A9946F /* AFNetworking.framework in Frameworks */,
				8DAE80621D9A0CB200A9946F /* SwiftyJSON.framework in Frameworks */,
			);
			runOnlyForDeploymentPostprocessing = 0;
		};
		8D1EF3971D93DE050009D034 /* Frameworks */ = {
			isa = PBXFrameworksBuildPhase;
			buildActionMask = 2147483647;
			files = (
			);
			runOnlyForDeploymentPostprocessing = 0;
		};
		8D1EF3A21D93DE050009D034 /* Frameworks */ = {
			isa = PBXFrameworksBuildPhase;
			buildActionMask = 2147483647;
			files = (
			);
			runOnlyForDeploymentPostprocessing = 0;
		};
/* End PBXFrameworksBuildPhase section */

/* Begin PBXGroup section */
		0D492B49FFB41FDF0B468135 /* Pods */ = {
			isa = PBXGroup;
			children = (
				9C704BF1A0D2ADD5B7874B6A /* Pods-OzneriFamily.debug.xcconfig */,
				DBB08E966F838D15B4582606 /* Pods-OzneriFamily.release.xcconfig */,
			);
			name = Pods;
			sourceTree = "<group>";
		};
		2DE76852156050BD045D7EB8 /* Frameworks */ = {
			isa = PBXGroup;
			children = (
				3FF38EB9A5D6D0B8FCEAAC12 /* Pods_OzneriFamily.framework */,
			);
			name = Frameworks;
			sourceTree = "<group>";
		};
		8D10ECED1D98BC5B001BAC77 /* DataBase */ = {
			isa = PBXGroup;
			children = (
			);
			path = DataBase;
			sourceTree = "<group>";
		};
		8D10ECEE1D98BC5B001BAC77 /* Networking */ = {
			isa = PBXGroup;
			children = (
				8D2666E51D98F08C0028CB33 /* NetworkManager.swift */,
			);
			path = Networking;
			sourceTree = "<group>";
		};
		8D1EF37B1D93DE050009D034 = {
			isa = PBXGroup;
			children = (
				8DAE805E1D9A0CB200A9946F /* AFNetworking.framework */,
				8DAE805F1D9A0CB200A9946F /* SwiftyJSON.framework */,
				8D1EF3B71D93DED50009D034 /* OzneriFamily-Bridging-Header.h */,
				8D1EF3BB1D93DFE30009D034 /* ToolHelper */,
				8D1EF3861D93DE050009D034 /* OzneriFamily */,
				8D1EF39D1D93DE050009D034 /* OzneriFamilyTests */,
				8D1EF3A81D93DE050009D034 /* OzneriFamilyUITests */,
				8D1EF3851D93DE050009D034 /* Products */,
				0D492B49FFB41FDF0B468135 /* Pods */,
				2DE76852156050BD045D7EB8 /* Frameworks */,
			);
			sourceTree = "<group>";
		};
		8D1EF3851D93DE050009D034 /* Products */ = {
			isa = PBXGroup;
			children = (
				8D1EF3841D93DE050009D034 /* OzneriFamily.app */,
				8D1EF39A1D93DE050009D034 /* OzneriFamilyTests.xctest */,
				8D1EF3A51D93DE050009D034 /* OzneriFamilyUITests.xctest */,
			);
			name = Products;
			sourceTree = "<group>";
		};
		8D1EF3861D93DE050009D034 /* OzneriFamily */ = {
			isa = PBXGroup;
			children = (
				8D1EF3871D93DE050009D034 /* AppDelegate.swift */,
				8D1EF3C41D93F01F0009D034 /* MainTabBarController.swift */,
				8D1EF3951D93DE050009D034 /* Info.plist */,
				8D92F66D1D9534400068A40A /* LeftMenu */,
				8D1EF3BD1D93E1670009D034 /* Login+Register+Guiding */,
				8D1EF3C21D93E3F20009D034 /* MyDevices */,
				8D1EF3C31D93E3F20009D034 /* WebShop */,
				8D1EF3C01D93E3F20009D034 /* Counseling */,
				8D1EF3C11D93E3F20009D034 /* MyCenter */,
				8D1EF3BC1D93E1670009D034 /* Images */,
			);
			path = OzneriFamily;
			sourceTree = "<group>";
		};
		8D1EF39D1D93DE050009D034 /* OzneriFamilyTests */ = {
			isa = PBXGroup;
			children = (
				8D1EF39E1D93DE050009D034 /* OzneriFamilyTests.swift */,
				8D1EF3A01D93DE050009D034 /* Info.plist */,
			);
			path = OzneriFamilyTests;
			sourceTree = "<group>";
		};
		8D1EF3A81D93DE050009D034 /* OzneriFamilyUITests */ = {
			isa = PBXGroup;
			children = (
				8D1EF3A91D93DE050009D034 /* OzneriFamilyUITests.swift */,
				8D1EF3AB1D93DE050009D034 /* Info.plist */,
			);
			path = OzneriFamilyUITests;
			sourceTree = "<group>";
		};
		8D1EF3BB1D93DFE30009D034 /* ToolHelper */ = {
			isa = PBXGroup;
			children = (
				8D10ECED1D98BC5B001BAC77 /* DataBase */,
				8D10ECEE1D98BC5B001BAC77 /* Networking */,
				8D92F64E1D94F64F0068A40A /* Other */,
			);
			path = ToolHelper;
			sourceTree = "<group>";
		};
		8D1EF3BC1D93E1670009D034 /* Images */ = {
			isa = PBXGroup;
			children = (
				8DF78D601D94DBEB002C4202 /* Assets.xcassets */,
			);
			path = Images;
			sourceTree = "<group>";
		};
		8D1EF3BD1D93E1670009D034 /* Login+Register+Guiding */ = {
			isa = PBXGroup;
			children = (
			);
			path = "Login+Register+Guiding";
			sourceTree = "<group>";
		};
		8D1EF3C01D93E3F20009D034 /* Counseling */ = {
			isa = PBXGroup;
			children = (
				8D92F65B1D94FAE40068A40A /* CounselingController.swift */,
			);
			path = Counseling;
			sourceTree = "<group>";
		};
		8D1EF3C11D93E3F20009D034 /* MyCenter */ = {
			isa = PBXGroup;
			children = (
				8D92F6511D94F8480068A40A /* MyCenter.storyboard */,
				8D92F6531D94F9670068A40A /* MyCenterController.swift */,
				8D92F5F81D94F5C00068A40A /* Controller */,
				8D92F5F91D94F5C00068A40A /* View */,
			);
			path = MyCenter;
			sourceTree = "<group>";
		};
		8D1EF3C21D93E3F20009D034 /* MyDevices */ = {
			isa = PBXGroup;
			children = (
				8D92F6571D94FAB00068A40A /* MyDevicesController.swift */,
				8D92F6591D94FAC70068A40A /* MyDevices.storyboard */,
			);
			path = MyDevices;
			sourceTree = "<group>";
		};
		8D1EF3C31D93E3F20009D034 /* WebShop */ = {
			isa = PBXGroup;
			children = (
				8D92F6551D94FA700068A40A /* WebShopController.swift */,
			);
			path = WebShop;
			sourceTree = "<group>";
		};
		8D92F5F81D94F5C00068A40A /* Controller */ = {
			isa = PBXGroup;
			children = (
			);
			path = Controller;
			sourceTree = "<group>";
		};
		8D92F5F91D94F5C00068A40A /* View */ = {
			isa = PBXGroup;
			children = (
			);
			path = View;
			sourceTree = "<group>";
		};
		8D92F64E1D94F64F0068A40A /* Other */ = {
			isa = PBXGroup;
			children = (
				8D92F64F1D94F6850068A40A /* LanguageHelper.swift */,
				8D92F65D1D9510450068A40A /* GloabConfig.swift */,
				8D92F6631D95252E0068A40A /* Localizable.strings */,
				8D92F66A1D9526460068A40A /* InfoPlist.strings */,
			);
			path = Other;
			sourceTree = "<group>";
		};
		8D92F66D1D9534400068A40A /* LeftMenu */ = {
			isa = PBXGroup;
			children = (
				8DAE80681D9A600900A9946F /* View */,
				8DAE80521D9A097800A9946F /* Source */,
				8D92F66E1D95346E0068A40A /* LeftMenuController.swift */,
				8D92F6701D9534890068A40A /* LeftMenu.storyboard */,
			);
			path = LeftMenu;
			sourceTree = "<group>";
		};
		8DAE80521D9A097800A9946F /* Source */ = {
			isa = PBXGroup;
			children = (
				8DAE80531D9A097800A9946F /* Info.plist */,
				8DAE80541D9A097800A9946F /* SlideMenuController.swift */,
				8DAE80551D9A097800A9946F /* SlideMenuControllerSwift.h */,
			);
			path = Source;
			sourceTree = "<group>";
		};
		8DAE80681D9A600900A9946F /* View */ = {
			isa = PBXGroup;
			children = (
				8DAE80691D9A600900A9946F /* LeftMenuDeviceCell.swift */,
				8DAE806A1D9A600900A9946F /* LeftMenuDeviceCell.xib */,
			);
			path = View;
			sourceTree = "<group>";
		};
/* End PBXGroup section */

/* Begin PBXNativeTarget section */
		8D1EF3831D93DE050009D034 /* OzneriFamily */ = {
			isa = PBXNativeTarget;
			buildConfigurationList = 8D1EF3AE1D93DE050009D034 /* Build configuration list for PBXNativeTarget "OzneriFamily" */;
			buildPhases = (
				A2BA87CED2A9DDCC1938133B /* [CP] Check Pods Manifest.lock */,
				8D1EF3801D93DE050009D034 /* Sources */,
				8D1EF3811D93DE050009D034 /* Frameworks */,
				8D1EF3821D93DE050009D034 /* Resources */,
				AEDD493328CB7EEBAEF26257 /* [CP] Embed Pods Frameworks */,
				0F1665DC02AFC89ACBB05DF2 /* [CP] Copy Pods Resources */,
				8D2666E01D98EE590028CB33 /* Embed Frameworks */,
			);
			buildRules = (
			);
			dependencies = (
			);
			name = OzneriFamily;
			productName = OzneriFamily;
			productReference = 8D1EF3841D93DE050009D034 /* OzneriFamily.app */;
			productType = "com.apple.product-type.application";
		};
		8D1EF3991D93DE050009D034 /* OzneriFamilyTests */ = {
			isa = PBXNativeTarget;
			buildConfigurationList = 8D1EF3B11D93DE050009D034 /* Build configuration list for PBXNativeTarget "OzneriFamilyTests" */;
			buildPhases = (
				8D1EF3961D93DE050009D034 /* Sources */,
				8D1EF3971D93DE050009D034 /* Frameworks */,
				8D1EF3981D93DE050009D034 /* Resources */,
			);
			buildRules = (
			);
			dependencies = (
				8D1EF39C1D93DE050009D034 /* PBXTargetDependency */,
			);
			name = OzneriFamilyTests;
			productName = OzneriFamilyTests;
			productReference = 8D1EF39A1D93DE050009D034 /* OzneriFamilyTests.xctest */;
			productType = "com.apple.product-type.bundle.unit-test";
		};
		8D1EF3A41D93DE050009D034 /* OzneriFamilyUITests */ = {
			isa = PBXNativeTarget;
			buildConfigurationList = 8D1EF3B41D93DE050009D034 /* Build configuration list for PBXNativeTarget "OzneriFamilyUITests" */;
			buildPhases = (
				8D1EF3A11D93DE050009D034 /* Sources */,
				8D1EF3A21D93DE050009D034 /* Frameworks */,
				8D1EF3A31D93DE050009D034 /* Resources */,
			);
			buildRules = (
			);
			dependencies = (
				8D1EF3A71D93DE050009D034 /* PBXTargetDependency */,
			);
			name = OzneriFamilyUITests;
			productName = OzneriFamilyUITests;
			productReference = 8D1EF3A51D93DE050009D034 /* OzneriFamilyUITests.xctest */;
			productType = "com.apple.product-type.bundle.ui-testing";
		};
/* End PBXNativeTarget section */

/* Begin PBXProject section */
		8D1EF37C1D93DE050009D034 /* Project object */ = {
			isa = PBXProject;
			attributes = {
				LastSwiftUpdateCheck = 0800;
				LastUpgradeCheck = 0800;
				ORGANIZATIONNAME = net.ozner;
				TargetAttributes = {
					8D1EF3831D93DE050009D034 = {
						CreatedOnToolsVersion = 8.0;
						DevelopmentTeam = UZZG6NM74T;
						LastSwiftMigration = 0800;
						ProvisioningStyle = Automatic;
					};
					8D1EF3991D93DE050009D034 = {
						CreatedOnToolsVersion = 8.0;
						DevelopmentTeam = UZZG6NM74T;
						ProvisioningStyle = Automatic;
						TestTargetID = 8D1EF3831D93DE050009D034;
					};
					8D1EF3A41D93DE050009D034 = {
						CreatedOnToolsVersion = 8.0;
						DevelopmentTeam = UZZG6NM74T;
						ProvisioningStyle = Automatic;
						TestTargetID = 8D1EF3831D93DE050009D034;
					};
				};
			};
			buildConfigurationList = 8D1EF37F1D93DE050009D034 /* Build configuration list for PBXProject "OzneriFamily" */;
			compatibilityVersion = "Xcode 3.2";
			developmentRegion = English;
			hasScannedForEncodings = 0;
			knownRegions = (
				en,
				Base,
				"zh-Hans",
			);
			mainGroup = 8D1EF37B1D93DE050009D034;
			productRefGroup = 8D1EF3851D93DE050009D034 /* Products */;
			projectDirPath = "";
			projectRoot = "";
			targets = (
				8D1EF3831D93DE050009D034 /* OzneriFamily */,
				8D1EF3991D93DE050009D034 /* OzneriFamilyTests */,
				8D1EF3A41D93DE050009D034 /* OzneriFamilyUITests */,
			);
		};
/* End PBXProject section */

/* Begin PBXResourcesBuildPhase section */
		8D1EF3821D93DE050009D034 /* Resources */ = {
			isa = PBXResourcesBuildPhase;
			buildActionMask = 2147483647;
			files = (
				8DF78D611D94DBEB002C4202 /* Assets.xcassets in Resources */,
				8D92F6611D95252E0068A40A /* Localizable.strings in Resources */,
				8D92F65A1D94FAC70068A40A /* MyDevices.storyboard in Resources */,
				8D92F6521D94F8480068A40A /* MyCenter.storyboard in Resources */,
				8D92F6711D9534890068A40A /* LeftMenu.storyboard in Resources */,
				8D92F6681D9526460068A40A /* InfoPlist.strings in Resources */,
				8DAE80561D9A097800A9946F /* Info.plist in Resources */,
				8DAE806C1D9A600900A9946F /* LeftMenuDeviceCell.xib in Resources */,
			);
			runOnlyForDeploymentPostprocessing = 0;
		};
		8D1EF3981D93DE050009D034 /* Resources */ = {
			isa = PBXResourcesBuildPhase;
			buildActionMask = 2147483647;
			files = (
			);
			runOnlyForDeploymentPostprocessing = 0;
		};
		8D1EF3A31D93DE050009D034 /* Resources */ = {
			isa = PBXResourcesBuildPhase;
			buildActionMask = 2147483647;
			files = (
			);
			runOnlyForDeploymentPostprocessing = 0;
		};
/* End PBXResourcesBuildPhase section */

/* Begin PBXShellScriptBuildPhase section */
		0F1665DC02AFC89ACBB05DF2 /* [CP] Copy Pods Resources */ = {
			isa = PBXShellScriptBuildPhase;
			buildActionMask = 2147483647;
			files = (
			);
			inputPaths = (
			);
			name = "[CP] Copy Pods Resources";
			outputPaths = (
			);
			runOnlyForDeploymentPostprocessing = 0;
			shellPath = /bin/sh;
			shellScript = "\"${SRCROOT}/Pods/Target Support Files/Pods-OzneriFamily/Pods-OzneriFamily-resources.sh\"\n";
			showEnvVarsInLog = 0;
		};
		A2BA87CED2A9DDCC1938133B /* [CP] Check Pods Manifest.lock */ = {
			isa = PBXShellScriptBuildPhase;
			buildActionMask = 2147483647;
			files = (
			);
			inputPaths = (
			);
			name = "[CP] Check Pods Manifest.lock";
			outputPaths = (
			);
			runOnlyForDeploymentPostprocessing = 0;
			shellPath = /bin/sh;
			shellScript = "diff \"${PODS_ROOT}/../Podfile.lock\" \"${PODS_ROOT}/Manifest.lock\" > /dev/null\nif [[ $? != 0 ]] ; then\n    cat << EOM\nerror: The sandbox is not in sync with the Podfile.lock. Run 'pod install' or update your CocoaPods installation.\nEOM\n    exit 1\nfi\n";
			showEnvVarsInLog = 0;
		};
		AEDD493328CB7EEBAEF26257 /* [CP] Embed Pods Frameworks */ = {
			isa = PBXShellScriptBuildPhase;
			buildActionMask = 2147483647;
			files = (
			);
			inputPaths = (
			);
			name = "[CP] Embed Pods Frameworks";
			outputPaths = (
			);
			runOnlyForDeploymentPostprocessing = 0;
			shellPath = /bin/sh;
			shellScript = "\"${SRCROOT}/Pods/Target Support Files/Pods-OzneriFamily/Pods-OzneriFamily-frameworks.sh\"\n";
			showEnvVarsInLog = 0;
		};
/* End PBXShellScriptBuildPhase section */

/* Begin PBXSourcesBuildPhase section */
		8D1EF3801D93DE050009D034 /* Sources */ = {
			isa = PBXSourcesBuildPhase;
			buildActionMask = 2147483647;
			files = (
				8D92F6561D94FA700068A40A /* WebShopController.swift in Sources */,
				8D1EF3881D93DE050009D034 /* AppDelegate.swift in Sources */,
				8D2666E61D98F08C0028CB33 /* NetworkManager.swift in Sources */,
				8D92F6501D94F6850068A40A /* LanguageHelper.swift in Sources */,
				8D92F65C1D94FAE40068A40A /* CounselingController.swift in Sources */,
				8D92F6541D94F9670068A40A /* MyCenterController.swift in Sources */,
				8DAE80571D9A097800A9946F /* SlideMenuController.swift in Sources */,
				8D1EF3C51D93F01F0009D034 /* MainTabBarController.swift in Sources */,
				8D92F6581D94FAB00068A40A /* MyDevicesController.swift in Sources */,
				8D92F65E1D9510450068A40A /* GloabConfig.swift in Sources */,
				8D92F66F1D95346E0068A40A /* LeftMenuController.swift in Sources */,
				8DAE806B1D9A600900A9946F /* LeftMenuDeviceCell.swift in Sources */,
			);
			runOnlyForDeploymentPostprocessing = 0;
		};
		8D1EF3961D93DE050009D034 /* Sources */ = {
			isa = PBXSourcesBuildPhase;
			buildActionMask = 2147483647;
			files = (
				8D1EF39F1D93DE050009D034 /* OzneriFamilyTests.swift in Sources */,
			);
			runOnlyForDeploymentPostprocessing = 0;
		};
		8D1EF3A11D93DE050009D034 /* Sources */ = {
			isa = PBXSourcesBuildPhase;
			buildActionMask = 2147483647;
			files = (
				8D1EF3AA1D93DE050009D034 /* OzneriFamilyUITests.swift in Sources */,
			);
			runOnlyForDeploymentPostprocessing = 0;
		};
/* End PBXSourcesBuildPhase section */

/* Begin PBXTargetDependency section */
		8D1EF39C1D93DE050009D034 /* PBXTargetDependency */ = {
			isa = PBXTargetDependency;
			target = 8D1EF3831D93DE050009D034 /* OzneriFamily */;
			targetProxy = 8D1EF39B1D93DE050009D034 /* PBXContainerItemProxy */;
		};
		8D1EF3A71D93DE050009D034 /* PBXTargetDependency */ = {
			isa = PBXTargetDependency;
			target = 8D1EF3831D93DE050009D034 /* OzneriFamily */;
			targetProxy = 8D1EF3A61D93DE050009D034 /* PBXContainerItemProxy */;
		};
/* End PBXTargetDependency section */

/* Begin PBXVariantGroup section */
		8D92F6631D95252E0068A40A /* Localizable.strings */ = {
			isa = PBXVariantGroup;
			children = (
				8D92F6621D95252E0068A40A /* Base */,
				8D92F6641D9525320068A40A /* en */,
				8D92F6651D95255D0068A40A /* zh-Hans */,
			);
			name = Localizable.strings;
			sourceTree = "<group>";
		};
		8D92F66A1D9526460068A40A /* InfoPlist.strings */ = {
			isa = PBXVariantGroup;
			children = (
				8D92F6691D9526460068A40A /* en */,
				8D92F66B1D9526470068A40A /* Base */,
				8D92F66C1D9526490068A40A /* zh-Hans */,
			);
			name = InfoPlist.strings;
			sourceTree = "<group>";
		};
/* End PBXVariantGroup section */

/* Begin XCBuildConfiguration section */
		8D1EF3AC1D93DE050009D034 /* Debug */ = {
			isa = XCBuildConfiguration;
			buildSettings = {
				ALWAYS_SEARCH_USER_PATHS = NO;
				CLANG_ANALYZER_LOCALIZABILITY_NONLOCALIZED = YES;
				CLANG_ANALYZER_NONNULL = YES;
				CLANG_CXX_LANGUAGE_STANDARD = "gnu++0x";
				CLANG_CXX_LIBRARY = "libc++";
				CLANG_ENABLE_MODULES = YES;
				CLANG_ENABLE_OBJC_ARC = YES;
				CLANG_WARN_BOOL_CONVERSION = YES;
				CLANG_WARN_CONSTANT_CONVERSION = YES;
				CLANG_WARN_DIRECT_OBJC_ISA_USAGE = YES_ERROR;
				CLANG_WARN_DOCUMENTATION_COMMENTS = YES;
				CLANG_WARN_EMPTY_BODY = YES;
				CLANG_WARN_ENUM_CONVERSION = YES;
				CLANG_WARN_INFINITE_RECURSION = YES;
				CLANG_WARN_INT_CONVERSION = YES;
				CLANG_WARN_OBJC_ROOT_CLASS = YES_ERROR;
				CLANG_WARN_SUSPICIOUS_MOVE = YES;
				CLANG_WARN_SUSPICIOUS_MOVES = YES;
				CLANG_WARN_UNREACHABLE_CODE = YES;
				CLANG_WARN__DUPLICATE_METHOD_MATCH = YES;
				"CODE_SIGN_IDENTITY[sdk=iphoneos*]" = "iPhone Developer";
				COPY_PHASE_STRIP = NO;
				DEBUG_INFORMATION_FORMAT = dwarf;
				ENABLE_STRICT_OBJC_MSGSEND = YES;
				ENABLE_TESTABILITY = YES;
				GCC_C_LANGUAGE_STANDARD = gnu99;
				GCC_DYNAMIC_NO_PIC = NO;
				GCC_NO_COMMON_BLOCKS = YES;
				GCC_OPTIMIZATION_LEVEL = 0;
				GCC_PREPROCESSOR_DEFINITIONS = (
					"DEBUG=1",
					"$(inherited)",
				);
				GCC_WARN_64_TO_32_BIT_CONVERSION = YES;
				GCC_WARN_ABOUT_RETURN_TYPE = YES_ERROR;
				GCC_WARN_UNDECLARED_SELECTOR = YES;
				GCC_WARN_UNINITIALIZED_AUTOS = YES_AGGRESSIVE;
				GCC_WARN_UNUSED_FUNCTION = YES;
				GCC_WARN_UNUSED_VARIABLE = YES;
				IPHONEOS_DEPLOYMENT_TARGET = 8.0;
				MTL_ENABLE_DEBUG_INFO = YES;
				ONLY_ACTIVE_ARCH = YES;
				SDKROOT = iphoneos;
				SWIFT_ACTIVE_COMPILATION_CONDITIONS = DEBUG;
				SWIFT_OPTIMIZATION_LEVEL = "-Onone";
			};
			name = Debug;
		};
		8D1EF3AD1D93DE050009D034 /* Release */ = {
			isa = XCBuildConfiguration;
			buildSettings = {
				ALWAYS_SEARCH_USER_PATHS = NO;
				CLANG_ANALYZER_LOCALIZABILITY_NONLOCALIZED = YES;
				CLANG_ANALYZER_NONNULL = YES;
				CLANG_CXX_LANGUAGE_STANDARD = "gnu++0x";
				CLANG_CXX_LIBRARY = "libc++";
				CLANG_ENABLE_MODULES = YES;
				CLANG_ENABLE_OBJC_ARC = YES;
				CLANG_WARN_BOOL_CONVERSION = YES;
				CLANG_WARN_CONSTANT_CONVERSION = YES;
				CLANG_WARN_DIRECT_OBJC_ISA_USAGE = YES_ERROR;
				CLANG_WARN_DOCUMENTATION_COMMENTS = YES;
				CLANG_WARN_EMPTY_BODY = YES;
				CLANG_WARN_ENUM_CONVERSION = YES;
				CLANG_WARN_INFINITE_RECURSION = YES;
				CLANG_WARN_INT_CONVERSION = YES;
				CLANG_WARN_OBJC_ROOT_CLASS = YES_ERROR;
				CLANG_WARN_SUSPICIOUS_MOVE = YES;
				CLANG_WARN_SUSPICIOUS_MOVES = YES;
				CLANG_WARN_UNREACHABLE_CODE = YES;
				CLANG_WARN__DUPLICATE_METHOD_MATCH = YES;
				"CODE_SIGN_IDENTITY[sdk=iphoneos*]" = "iPhone Developer";
				COPY_PHASE_STRIP = NO;
				DEBUG_INFORMATION_FORMAT = "dwarf-with-dsym";
				ENABLE_NS_ASSERTIONS = NO;
				ENABLE_STRICT_OBJC_MSGSEND = YES;
				GCC_C_LANGUAGE_STANDARD = gnu99;
				GCC_NO_COMMON_BLOCKS = YES;
				GCC_WARN_64_TO_32_BIT_CONVERSION = YES;
				GCC_WARN_ABOUT_RETURN_TYPE = YES_ERROR;
				GCC_WARN_UNDECLARED_SELECTOR = YES;
				GCC_WARN_UNINITIALIZED_AUTOS = YES_AGGRESSIVE;
				GCC_WARN_UNUSED_FUNCTION = YES;
				GCC_WARN_UNUSED_VARIABLE = YES;
				IPHONEOS_DEPLOYMENT_TARGET = 8.0;
				MTL_ENABLE_DEBUG_INFO = NO;
				SDKROOT = iphoneos;
				SWIFT_OPTIMIZATION_LEVEL = "-Owholemodule";
				VALIDATE_PRODUCT = YES;
			};
			name = Release;
		};
		8D1EF3AF1D93DE050009D034 /* Debug */ = {
			isa = XCBuildConfiguration;
			baseConfigurationReference = 9C704BF1A0D2ADD5B7874B6A /* Pods-OzneriFamily.debug.xcconfig */;
			buildSettings = {
				ASSETCATALOG_COMPILER_APPICON_NAME = AppIcon;
				ASSETCATALOG_COMPILER_LAUNCHIMAGE_NAME = LaunchImage;
				CLANG_ENABLE_MODULES = YES;
				DEVELOPMENT_TEAM = UZZG6NM74T;
				FRAMEWORK_SEARCH_PATHS = (
					"$(inherited)",
					"$(PROJECT_DIR)/Carthage/Build/iOS",
					"$(PROJECT_DIR)/CarthageFrameworks",
				);
				INFOPLIST_FILE = OzneriFamily/Info.plist;
				IPHONEOS_DEPLOYMENT_TARGET = 8.0;
				LD_RUNPATH_SEARCH_PATHS = "$(inherited) @executable_path/Frameworks";
				PRODUCT_BUNDLE_IDENTIFIER = ozner.OzneriFamily;
				PRODUCT_NAME = "$(TARGET_NAME)";
				SWIFT_OBJC_BRIDGING_HEADER = "OzneriFamily-Bridging-Header.h";
				SWIFT_OPTIMIZATION_LEVEL = "-Onone";
				SWIFT_VERSION = 3.0;
			};
			name = Debug;
		};
		8D1EF3B01D93DE050009D034 /* Release */ = {
			isa = XCBuildConfiguration;
			baseConfigurationReference = DBB08E966F838D15B4582606 /* Pods-OzneriFamily.release.xcconfig */;
			buildSettings = {
				ASSETCATALOG_COMPILER_APPICON_NAME = AppIcon;
				ASSETCATALOG_COMPILER_LAUNCHIMAGE_NAME = LaunchImage;
				CLANG_ENABLE_MODULES = YES;
				DEVELOPMENT_TEAM = UZZG6NM74T;
				FRAMEWORK_SEARCH_PATHS = (
					"$(inherited)",
					"$(PROJECT_DIR)/Carthage/Build/iOS",
					"$(PROJECT_DIR)/CarthageFrameworks",
				);
				INFOPLIST_FILE = OzneriFamily/Info.plist;
				IPHONEOS_DEPLOYMENT_TARGET = 8.0;
				LD_RUNPATH_SEARCH_PATHS = "$(inherited) @executable_path/Frameworks";
				PRODUCT_BUNDLE_IDENTIFIER = ozner.OzneriFamily;
				PRODUCT_NAME = "$(TARGET_NAME)";
				SWIFT_OBJC_BRIDGING_HEADER = "OzneriFamily-Bridging-Header.h";
				SWIFT_VERSION = 3.0;
			};
			name = Release;
		};
		8D1EF3B21D93DE050009D034 /* Debug */ = {
			isa = XCBuildConfiguration;
			buildSettings = {
				ALWAYS_EMBED_SWIFT_STANDARD_LIBRARIES = YES;
				BUNDLE_LOADER = "$(TEST_HOST)";
				DEVELOPMENT_TEAM = UZZG6NM74T;
				INFOPLIST_FILE = OzneriFamilyTests/Info.plist;
				LD_RUNPATH_SEARCH_PATHS = "$(inherited) @executable_path/Frameworks @loader_path/Frameworks";
				PRODUCT_BUNDLE_IDENTIFIER = ozner.OzneriFamilyTests;
				PRODUCT_NAME = "$(TARGET_NAME)";
				SWIFT_VERSION = 3.0;
				TEST_HOST = "$(BUILT_PRODUCTS_DIR)/OzneriFamily.app/OzneriFamily";
			};
			name = Debug;
		};
		8D1EF3B31D93DE050009D034 /* Release */ = {
			isa = XCBuildConfiguration;
			buildSettings = {
				ALWAYS_EMBED_SWIFT_STANDARD_LIBRARIES = YES;
				BUNDLE_LOADER = "$(TEST_HOST)";
				DEVELOPMENT_TEAM = UZZG6NM74T;
				INFOPLIST_FILE = OzneriFamilyTests/Info.plist;
				LD_RUNPATH_SEARCH_PATHS = "$(inherited) @executable_path/Frameworks @loader_path/Frameworks";
				PRODUCT_BUNDLE_IDENTIFIER = ozner.OzneriFamilyTests;
				PRODUCT_NAME = "$(TARGET_NAME)";
				SWIFT_VERSION = 3.0;
				TEST_HOST = "$(BUILT_PRODUCTS_DIR)/OzneriFamily.app/OzneriFamily";
			};
			name = Release;
		};
		8D1EF3B51D93DE050009D034 /* Debug */ = {
			isa = XCBuildConfiguration;
			buildSettings = {
				ALWAYS_EMBED_SWIFT_STANDARD_LIBRARIES = YES;
				DEVELOPMENT_TEAM = UZZG6NM74T;
				INFOPLIST_FILE = OzneriFamilyUITests/Info.plist;
				LD_RUNPATH_SEARCH_PATHS = "$(inherited) @executable_path/Frameworks @loader_path/Frameworks";
				PRODUCT_BUNDLE_IDENTIFIER = ozner.OzneriFamilyUITests;
				PRODUCT_NAME = "$(TARGET_NAME)";
				SWIFT_VERSION = 3.0;
				TEST_TARGET_NAME = OzneriFamily;
			};
			name = Debug;
		};
		8D1EF3B61D93DE050009D034 /* Release */ = {
			isa = XCBuildConfiguration;
			buildSettings = {
				ALWAYS_EMBED_SWIFT_STANDARD_LIBRARIES = YES;
				DEVELOPMENT_TEAM = UZZG6NM74T;
				INFOPLIST_FILE = OzneriFamilyUITests/Info.plist;
				LD_RUNPATH_SEARCH_PATHS = "$(inherited) @executable_path/Frameworks @loader_path/Frameworks";
				PRODUCT_BUNDLE_IDENTIFIER = ozner.OzneriFamilyUITests;
				PRODUCT_NAME = "$(TARGET_NAME)";
				SWIFT_VERSION = 3.0;
				TEST_TARGET_NAME = OzneriFamily;
			};
			name = Release;
		};
/* End XCBuildConfiguration section */

/* Begin XCConfigurationList section */
		8D1EF37F1D93DE050009D034 /* Build configuration list for PBXProject "OzneriFamily" */ = {
			isa = XCConfigurationList;
			buildConfigurations = (
				8D1EF3AC1D93DE050009D034 /* Debug */,
				8D1EF3AD1D93DE050009D034 /* Release */,
			);
			defaultConfigurationIsVisible = 0;
			defaultConfigurationName = Release;
		};
		8D1EF3AE1D93DE050009D034 /* Build configuration list for PBXNativeTarget "OzneriFamily" */ = {
			isa = XCConfigurationList;
			buildConfigurations = (
				8D1EF3AF1D93DE050009D034 /* Debug */,
				8D1EF3B01D93DE050009D034 /* Release */,
			);
			defaultConfigurationIsVisible = 0;
			defaultConfigurationName = Release;
		};
		8D1EF3B11D93DE050009D034 /* Build configuration list for PBXNativeTarget "OzneriFamilyTests" */ = {
			isa = XCConfigurationList;
			buildConfigurations = (
				8D1EF3B21D93DE050009D034 /* Debug */,
				8D1EF3B31D93DE050009D034 /* Release */,
			);
			defaultConfigurationIsVisible = 0;
			defaultConfigurationName = Release;
		};
		8D1EF3B41D93DE050009D034 /* Build configuration list for PBXNativeTarget "OzneriFamilyUITests" */ = {
			isa = XCConfigurationList;
			buildConfigurations = (
				8D1EF3B51D93DE050009D034 /* Debug */,
				8D1EF3B61D93DE050009D034 /* Release */,
			);
			defaultConfigurationIsVisible = 0;
			defaultConfigurationName = Release;
		};
/* End XCConfigurationList section */
	};
	rootObject = 8D1EF37C1D93DE050009D034 /* Project object */;
}
